// !$*UTF8*$!
{
	archiveVersion = 1;
	classes = {
	};
	objectVersion = 77;
	objects = {

/* Begin PBXBuildFile section */
		967254DE6EE74766B9E011A5 /* OptionalAnimation.swift in Sources */ = {isa = PBXBuildFile; fileRef = 136AE7B9ED374714B6D40A4B /* OptionalAnimation.swift */; };
		9B3412B1F4F648DEBC7BFC94 /* ContrastAwareOpacity.swift in Sources */ = {isa = PBXBuildFile; fileRef = 505C5126B6264355A140762B /* ContrastAwareOpacity.swift */; };
		018ED7880B384B399D0C3A98 /* SyncRepository.swift in Sources */ = {isa = PBXBuildFile; fileRef = 3A087E4D3AC14598A3CB7F00 /* SyncRepository.swift */; };
		01C52844A03B4BA8A309902D /* ItemListView.swift in Sources */ = {isa = PBXBuildFile; fileRef = DF8949A6D242488CBEC15CC0 /* ItemListView.swift */; };
		0718293040506070F90A1B2C /* ItemEditViewModel.swift in Sources */ = {isa = PBXBuildFile; fileRef = 18293040506070E0A1B2C3D4 /* ItemEditViewModel.swift */; };
		071B2C3D4E5F609F90A0B1C2 /* CustomFieldsEditSection.swift in Sources */ = {isa = PBXBuildFile; fileRef = 182C3D4E5F6070A0A0B1C2D3 /* CustomFieldsEditSection.swift */; };
		09856BAE1DB241E8A55EB941 /* CreateFolderUseCaseImpl.swift in Sources */ = {isa = PBXBuildFile; fileRef = 2508605E27F24F8FB577CE41 /* CreateFolderUseCaseImpl.swift */; };
		211E56C54900452E87AA072F /* DeleteFolderUseCaseImpl.swift in Sources */ = {isa = PBXBuildFile; fileRef = BC80EA5DC69F429697492932 /* DeleteFolderUseCaseImpl.swift */; };
		21BA94E7B93240BAB0D49B1A /* SSHKeyDetailView.swift in Sources */ = {isa = PBXBuildFile; fileRef = E312819D0F20492CADB986E4 /* SSHKeyDetailView.swift */; };
		23BDC74E5D1F47618262BE0D /* Argon2Swift in Frameworks */ = {isa = PBXBuildFile; productRef = 59F9054E12044EC582D79C90 /* Argon2Swift */; };
		E2AAA6708B2A46FA85BE5860 /* BiometricEnrollmentPromptView.swift in Sources */ = {isa = PBXBuildFile; fileRef = F53A563DEF9F47329635DE6F /* BiometricEnrollmentPromptView.swift */; };
		2489593B92144CA7A107D531 /* AuthRepository.swift in Sources */ = {isa = PBXBuildFile; fileRef = B65E7D6288C347DCA88A20DF /* AuthRepository.swift */; };
		29304050607080F1B2C3D4E5 /* ItemEditView.swift in Sources */ = {isa = PBXBuildFile; fileRef = 3A4050607080902CC3D4E5F6 /* ItemEditView.swift */; };
		2939BF1A524B44458BD40B01 /* Presentation/Settings/SettingsView.swift in Sources */ = {isa = PBXBuildFile; fileRef = 644111ECFEEE4F96988BD8C7 /* Presentation/Settings/SettingsView.swift */; };
		2B6CA91FF52E48F69DA89240 /* RenameFolderUseCase.swift in Sources */ = {isa = PBXBuildFile; fileRef = 47D6E5C134C44B349511A5DC /* RenameFolderUseCase.swift */; };
		2CA025EEBDD14800B361F176 /* LoginUseCaseImpl.swift in Sources */ = {isa = PBXBuildFile; fileRef = 14DACA379C784C528EFA980F /* LoginUseCaseImpl.swift */; };
		2D9BD6B00E6145FA83F324D7 /* ItemDetailView.swift in Sources */ = {isa = PBXBuildFile; fileRef = 7C40EE0279BE41BE97FC5942 /* ItemDetailView.swift */; };
		2E8E71AB9E244C56B93F96AD /* CustomFieldsSection.swift in Sources */ = {isa = PBXBuildFile; fileRef = F95EFA050DE64617AC5076CD /* CustomFieldsSection.swift */; };
		3025343DFDDB4ACE97F1EC2A /* MoveItemToFolderUseCase.swift in Sources */ = {isa = PBXBuildFile; fileRef = A3AF8078B4F847EBACB42331 /* MoveItemToFolderUseCase.swift */; };
		398F032CED024F6584FF693D /* SyncUseCase.swift in Sources */ = {isa = PBXBuildFile; fileRef = 5EBA517603CA448A8F9106AF /* SyncUseCase.swift */; };
		3B3721D2F8C646EC91512FDA /* SidebarView.swift in Sources */ = {isa = PBXBuildFile; fileRef = 00802736F25046A0BD600128 /* SidebarView.swift */; };
		3BC539D6D63240D0B5315A0D /* RestoreVaultItemUseCaseImpl.swift in Sources */ = {isa = PBXBuildFile; fileRef = 75776838723C412E94327CDD /* RestoreVaultItemUseCaseImpl.swift */; };
		3CE951E495E649489E3DADAC /* SyncRepositoryImpl.swift in Sources */ = {isa = PBXBuildFile; fileRef = 4D6A671692BE497AA7E39F45 /* SyncRepositoryImpl.swift */; };
		3E04D7AC0223458CB329663C /* CustomField.swift in Sources */ = {isa = PBXBuildFile; fileRef = CAB323D45FF2440C95C0BA70 /* CustomField.swift */; };
		421368787851407FBCA9D99F /* TrashView.swift in Sources */ = {isa = PBXBuildFile; fileRef = 212734E66AE74662AD28E6CB /* TrashView.swift */; };
		4309FCE32F6807970031C9F4 /* PrizmApp.swift in Sources */ = {isa = PBXBuildFile; fileRef = 4309FCE12F6807970031C9F4 /* PrizmApp.swift */; };
		4309FCE82F6809B20031C9F4 /* AppContainer.swift in Sources */ = {isa = PBXBuildFile; fileRef = 4309FCE72F6809A40031C9F4 /* AppContainer.swift */; };
		4309FCEA2F6809C30031C9F4 /* Config.swift in Sources */ = {isa = PBXBuildFile; fileRef = 4309FCE92F6809C10031C9F4 /* Config.swift */; };
		43947740EA3343DC9C888402 /* PrizmAPIClient.swift in Sources */ = {isa = PBXBuildFile; fileRef = E819470C1E544509A3DDD52F /* PrizmAPIClient.swift */; };
		48716DD27A3B45A6872E0DC2 /* UnlockUseCaseImpl.swift in Sources */ = {isa = PBXBuildFile; fileRef = 226B2B19933B495DB3C4BD94 /* UnlockUseCaseImpl.swift */; };
		48891CE90AC444CF810E1256 /* DeleteVaultItemUseCase.swift in Sources */ = {isa = PBXBuildFile; fileRef = EDB0E4B753854AFF89FFFAA2 /* DeleteVaultItemUseCase.swift */; };
		4A3B67E2BD5543D4B9F46152 /* SearchVaultUseCase.swift in Sources */ = {isa = PBXBuildFile; fileRef = 09B93B56553644E49DE5C512 /* SearchVaultUseCase.swift */; };
		4B506070809000D3D4E5F607 /* EditFieldRow.swift in Sources */ = {isa = PBXBuildFile; fileRef = 5C607080900A10E4E5F60718 /* EditFieldRow.swift */; };
		50B64B0B76674E2EAE36E66C /* RestoreVaultItemUseCase.swift in Sources */ = {isa = PBXBuildFile; fileRef = 4929412F2A6B4670960BFB53 /* RestoreVaultItemUseCase.swift */; };
		56FB66DA11C44233B49CEB31 /* SyncUseCaseImpl.swift in Sources */ = {isa = PBXBuildFile; fileRef = 8504983920144A92B0241CA9 /* SyncUseCaseImpl.swift */; };
		599A7C867D6F4FA5A9B27BC2 /* Folder.swift in Sources */ = {isa = PBXBuildFile; fileRef = 0AC78A983744489DB1F8BCFB /* Folder.swift */; };
		5D0EC041FE98478CA9C6601B /* LoginView.swift in Sources */ = {isa = PBXBuildFile; fileRef = 7429BBFA10E247D8AEACA59B /* LoginView.swift */; };
		5F3E8D2A1B9C47E6A0F5D2B8 /* PermanentDeleteVaultItemUseCase.swift in Sources */ = {isa = PBXBuildFile; fileRef = 6A4F9E3B2C0D58F7B1A6E3C9 /* PermanentDeleteVaultItemUseCase.swift */; };
		60067C5087C547F4B96C3493 /* Presentation/Settings/BiometricUnlockToggle.swift in Sources */ = {isa = PBXBuildFile; fileRef = 3D7BAEBAFBA84808BD80CA71 /* Presentation/Settings/BiometricUnlockToggle.swift */; };
		68A370309477440DA143EB26 /* RawFolder.swift in Sources */ = {isa = PBXBuildFile; fileRef = D7C2BEABB748471395CEC2C6 /* RawFolder.swift */; };
		6A563BC5058D474D9C84561E /* Account.swift in Sources */ = {isa = PBXBuildFile; fileRef = F557D7298207448A9FBFC676 /* Account.swift */; };
		6B61A3E712A64FCDBF4C3D96 /* Data/Keychain/BiometricKeychainServiceImpl.swift in Sources */ = {isa = PBXBuildFile; fileRef = 16229ED9EF5043E1AC7EC30D /* Data/Keychain/BiometricKeychainServiceImpl.swift */; };
		6D7080900A1B20F5F6071829 /* LoginEditForm.swift in Sources */ = {isa = PBXBuildFile; fileRef = 7E8090A01B2C300607182930 /* LoginEditForm.swift */; };
		714B2A1113A34984901FCC03 /* UnlockUseCase.swift in Sources */ = {isa = PBXBuildFile; fileRef = 0FC64A993F0A48719EC3A078 /* UnlockUseCase.swift */; };
		77DF6B9FF920443AA5F94219 /* About/AboutView.swift in Sources */ = {isa = PBXBuildFile; fileRef = 4ABEC630F6934ED883504C9D /* About/AboutView.swift */; };
		7AE873E2FB0A4DC5BEE93B9A /* LoginDetailView.swift in Sources */ = {isa = PBXBuildFile; fileRef = 4F246F209ADA45F99C9B17DB /* LoginDetailView.swift */; };
		7B5A0F4C3D1E69A8C2B7F4DA /* PermanentDeleteVaultItemUseCaseImpl.swift in Sources */ = {isa = PBXBuildFile; fileRef = 8C6B1A5D4E2F70B9D3C8A5EB /* PermanentDeleteVaultItemUseCaseImpl.swift */; };
		7F0FEAC3BB77445D9BCE9F99 /* CardDetailView.swift in Sources */ = {isa = PBXBuildFile; fileRef = 850DDD79F86D4651A98ADD0A /* CardDetailView.swift */; };
		839B201DD1B0447FABC35E38 /* Presentation/Unlock/EnrollmentReason.swift in Sources */ = {isa = PBXBuildFile; fileRef = 88A47FABF899471394B5F56B /* Presentation/Unlock/EnrollmentReason.swift */; };
		87146F7FF9C64EEA974FE521 /* CreateFolderUseCase.swift in Sources */ = {isa = PBXBuildFile; fileRef = E9EA3A6C1A304AAF9510682E /* CreateFolderUseCase.swift */; };
		87D4D13FF5F24C46B3588820 /* VaultRepository.swift in Sources */ = {isa = PBXBuildFile; fileRef = 7D25874A14B2430FB85D7DC9 /* VaultRepository.swift */; };
		8F900A1B2C3D401718293040 /* CardEditForm.swift in Sources */ = {isa = PBXBuildFile; fileRef = 90A0B1C2D3E4F02829304050 /* CardEditForm.swift */; };
		98329A0BFD094D69BF05D595 /* TOTPPromptView.swift in Sources */ = {isa = PBXBuildFile; fileRef = F641DA62DF364B3C9D896204 /* TOTPPromptView.swift */; };
		98E8E51C9AD5496C88E0ABD3 /* FaviconView.swift in Sources */ = {isa = PBXBuildFile; fileRef = 87629CFF5CFE4B4FA41EFC3C /* FaviconView.swift */; };
		9D5A14583F6A4B3BAF956201 /* LoginViewModel.swift in Sources */ = {isa = PBXBuildFile; fileRef = 713C4F352B6B4E8C92BB72B1 /* LoginViewModel.swift */; };
		A1B0C1D2E3F4003930405060 /* IdentityEditForm.swift in Sources */ = {isa = PBXBuildFile; fileRef = B2C1D2E3F400A04A40506070 /* IdentityEditForm.swift */; };
		A1B2C3D4E5F64789A1B2C3D4 /* VerticalLabeledContentStyle.swift in Sources */ = {isa = PBXBuildFile; fileRef = D4C3B2A1F6E54789D4C3B2A1 /* VerticalLabeledContentStyle.swift */; };
		A1B2C3D4E5F647A8B9C0D1E2 /* CryptoKeys.swift in Sources */ = {isa = PBXBuildFile; fileRef = 1307284FEED04829B5C4B587 /* CryptoKeys.swift */; };
		A1B2C3D4E5F6A7B8C9D0E1F3 /* FolderTreeNode.swift in Sources */ = {isa = PBXBuildFile; fileRef = F1A2B3C4D5E6F7A8B9C0D1E2 /* FolderTreeNode.swift */; };
		A1C2D3E4F506172839A4B56C /* DraftVaultItem.swift in Sources */ = {isa = PBXBuildFile; fileRef = B2D3E4F506172839A4B5C6D7 /* DraftVaultItem.swift */; };
		A2533B80CB7943ADA49084A4 /* IdentityDetailView.swift in Sources */ = {isa = PBXBuildFile; fileRef = 40543834D81F44848D37A737 /* IdentityDetailView.swift */; };
		A2B3C4D5E6F74718B9C0D1E2 /* KeychainService.swift in Sources */ = {isa = PBXBuildFile; fileRef = 7E8F9A0B1C2D3E4F5A6B7C8D /* KeychainService.swift */; };
		A2D9C5FB40924655AABA3088 /* SyncProgressView.swift in Sources */ = {isa = PBXBuildFile; fileRef = 81DBDEAA0270497F84F76A29 /* SyncProgressView.swift */; };
		A41CBC7194E542AB8B6AC13C /* Data/Keychain/BiometricKeychainService.swift in Sources */ = {isa = PBXBuildFile; fileRef = 882108627A8E4B1A8E608D25 /* Data/Keychain/BiometricKeychainService.swift */; };
		A7E3F19B8C2D4A61B04DE723 /* SearchVaultUseCaseImpl.swift in Sources */ = {isa = PBXBuildFile; fileRef = 6B41D0A2F7E54938AE12C8B5 /* SearchVaultUseCaseImpl.swift */; };
		A96C7D84DE3B404CA450285C /* CreateVaultItemUseCaseImpl.swift in Sources */ = {isa = PBXBuildFile; fileRef = B465482A0CFB4710AD4727CB /* CreateVaultItemUseCaseImpl.swift */; };
		AA0001010000000100000001 /* RandomnessProvider.swift in Sources */ = {isa = PBXBuildFile; fileRef = AA0002010000000100000001 /* RandomnessProvider.swift */; };
		AA0001020000000200000002 /* PasswordGeneratorConfig.swift in Sources */ = {isa = PBXBuildFile; fileRef = AA0002020000000200000002 /* PasswordGeneratorConfig.swift */; };
		AA0001030000000300000003 /* PasswordGenerator.swift in Sources */ = {isa = PBXBuildFile; fileRef = AA0002030000000300000003 /* PasswordGenerator.swift */; };
		AA0001040000000400000004 /* CryptographicRandomnessProvider.swift in Sources */ = {isa = PBXBuildFile; fileRef = AA0002040000000400000004 /* CryptographicRandomnessProvider.swift */; };
		AA0001050000000500000005 /* PasswordGeneratorViewModel.swift in Sources */ = {isa = PBXBuildFile; fileRef = AA0002050000000500000005 /* PasswordGeneratorViewModel.swift */; };
		AA0001060000000600000006 /* PasswordGeneratorView.swift in Sources */ = {isa = PBXBuildFile; fileRef = AA0002060000000600000006 /* PasswordGeneratorView.swift */; };
		AA0001070000000700000007 /* eff-large-wordlist.txt in Resources */ = {isa = PBXBuildFile; fileRef = AA0002070000000700000007 /* eff-large-wordlist.txt */; };
		AA1122334455667788990011 /* OptionKeyMonitor.swift in Sources */ = {isa = PBXBuildFile; fileRef = BB2233445566778899001122 /* OptionKeyMonitor.swift */; };
		AA11BB22CC3344DD55EE66FF /* AccessibilityIdentifiers.swift in Sources */ = {isa = PBXBuildFile; fileRef = BB22CC33DD4455EE66FF7700 /* AccessibilityIdentifiers.swift */; };
		AB64508ED7804841AAC551A0 /* KdfParams.swift in Sources */ = {isa = PBXBuildFile; fileRef = E25C290F2D7A470EB4AB8698 /* KdfParams.swift */; };
		AC3EC95F694247B5A5809233 /* CreateVaultItemUseCase.swift in Sources */ = {isa = PBXBuildFile; fileRef = 5A335CC7B3C743B59A7630D8 /* CreateVaultItemUseCase.swift */; };
		B11759DE56D34E4199773C2D /* FieldRowView.swift in Sources */ = {isa = PBXBuildFile; fileRef = 3E105187F1E54E0E91E82B14 /* FieldRowView.swift */; };
		B1335B23AD5F4D1CB28E3F19 /* About/AboutViewModel.swift in Sources */ = {isa = PBXBuildFile; fileRef = EEBF74B2F57C4B2D9FAA790B /* About/AboutViewModel.swift */; };
		B1C2D3E4F5A64791B2C3D4E5 /* SyncTimestampRepository.swift in Sources */ = {isa = PBXBuildFile; fileRef = A1B2C4D5E6F74891A2B3C4D5 /* SyncTimestampRepository.swift */; };
		B2390AAAD10D4CE69AD6660C /* AuthRepositoryImpl.swift in Sources */ = {isa = PBXBuildFile; fileRef = F0DA2B1AD4924580BCE20BF3 /* AuthRepositoryImpl.swift */; };
		B2C3D4E5F6A748B9C0D1E2F3 /* EncString.swift in Sources */ = {isa = PBXBuildFile; fileRef = 3FBB82A6241244DD890E615C /* EncString.swift */; };
		B7C8D9E0F1A24894B8C9D0E1 /* GetLastSyncDateUseCaseImpl.swift in Sources */ = {isa = PBXBuildFile; fileRef = A6B7C8D9E0F14894A7B8C9D0 /* GetLastSyncDateUseCaseImpl.swift */; };
		BB1001000000000000000001 /* Attachment.swift in Sources */ = {isa = PBXBuildFile; fileRef = AA1001000000000000000001 /* Attachment.swift */; };
		BB1002000000000000000002 /* AttachmentRepository.swift in Sources */ = {isa = PBXBuildFile; fileRef = AA1002000000000000000002 /* AttachmentRepository.swift */; };
		BB1003000000000000000003 /* VaultKeyService.swift in Sources */ = {isa = PBXBuildFile; fileRef = AA1003000000000000000003 /* VaultKeyService.swift */; };
		BB1004000000000000000004 /* UploadAttachmentUseCase.swift in Sources */ = {isa = PBXBuildFile; fileRef = AA1004000000000000000004 /* UploadAttachmentUseCase.swift */; };
		BB1005000000000000000005 /* DownloadAttachmentUseCase.swift in Sources */ = {isa = PBXBuildFile; fileRef = AA1005000000000000000005 /* DownloadAttachmentUseCase.swift */; };
		BB1006000000000000000006 /* DeleteAttachmentUseCase.swift in Sources */ = {isa = PBXBuildFile; fileRef = AA1006000000000000000006 /* DeleteAttachmentUseCase.swift */; };
		BB1007000000000000000007 /* AttachmentCrypto.swift in Sources */ = {isa = PBXBuildFile; fileRef = AA1007000000000000000007 /* AttachmentCrypto.swift */; };
		BB1008000000000000000008 /* AttachmentDTO.swift in Sources */ = {isa = PBXBuildFile; fileRef = AA1008000000000000000008 /* AttachmentDTO.swift */; };
		BB1009000000000000000009 /* AttachmentRepositoryImpl.swift in Sources */ = {isa = PBXBuildFile; fileRef = AA1009000000000000000009 /* AttachmentRepositoryImpl.swift */; };
		BB100A00000000000000000A /* VaultKeyCache.swift in Sources */ = {isa = PBXBuildFile; fileRef = AA100A00000000000000000A /* VaultKeyCache.swift */; };
		BB100B00000000000000000B /* VaultKeyServiceImpl.swift in Sources */ = {isa = PBXBuildFile; fileRef = AA100B00000000000000000B /* VaultKeyServiceImpl.swift */; };
		BB100C00000000000000000C /* AttachmentMapper.swift in Sources */ = {isa = PBXBuildFile; fileRef = AA100C00000000000000000C /* AttachmentMapper.swift */; };
		BB100D00000000000000000D /* UploadAttachmentUseCaseImpl.swift in Sources */ = {isa = PBXBuildFile; fileRef = AA100D00000000000000000D /* UploadAttachmentUseCaseImpl.swift */; };
		BB100E00000000000000000E /* DownloadAttachmentUseCaseImpl.swift in Sources */ = {isa = PBXBuildFile; fileRef = AA100E00000000000000000E /* DownloadAttachmentUseCaseImpl.swift */; };
		BB100F00000000000000000F /* DeleteAttachmentUseCaseImpl.swift in Sources */ = {isa = PBXBuildFile; fileRef = AA100F00000000000000000F /* DeleteAttachmentUseCaseImpl.swift */; };
		BB1010000000000000000010 /* TempFileManaging.swift in Sources */ = {isa = PBXBuildFile; fileRef = AA1010000000000000000010 /* TempFileManaging.swift */; };
		BB1011000000000000000011 /* AttachmentAddViewModel.swift in Sources */ = {isa = PBXBuildFile; fileRef = AA1011000000000000000011 /* AttachmentAddViewModel.swift */; };
		BB1012000000000000000012 /* AttachmentBatchViewModel.swift in Sources */ = {isa = PBXBuildFile; fileRef = AA1012000000000000000012 /* AttachmentBatchViewModel.swift */; };
		BB1013000000000000000013 /* AttachmentRowViewModel.swift in Sources */ = {isa = PBXBuildFile; fileRef = AA1013000000000000000013 /* AttachmentRowViewModel.swift */; };
		BB1014000000000000000014 /* AttachmentConfirmSheet.swift in Sources */ = {isa = PBXBuildFile; fileRef = AA1014000000000000000014 /* AttachmentConfirmSheet.swift */; };
		BB1015000000000000000015 /* AttachmentBatchSheet.swift in Sources */ = {isa = PBXBuildFile; fileRef = AA1015000000000000000015 /* AttachmentBatchSheet.swift */; };
		BB1016000000000000000016 /* AttachmentsSectionView.swift in Sources */ = {isa = PBXBuildFile; fileRef = AA1016000000000000000016 /* AttachmentsSectionView.swift */; };
		BB1017000000000000000017 /* AttachmentRowView.swift in Sources */ = {isa = PBXBuildFile; fileRef = AA1017000000000000000017 /* AttachmentRowView.swift */; };
		BB1018000000000000000018 /* AttachmentTempFileManager.swift in Sources */ = {isa = PBXBuildFile; fileRef = AA1018000000000000000018 /* AttachmentTempFileManager.swift */; };
		C290678FFC8F4FDDB215C261 /* LoginUseCase.swift in Sources */ = {isa = PBXBuildFile; fileRef = 257FAE34CC064783806B6A5C /* LoginUseCase.swift */; };
		C2ACEC2617F14F5A80A7FCED /* DeleteFolderUseCase.swift in Sources */ = {isa = PBXBuildFile; fileRef = B5D05DB7E6EC4A74802AEE58 /* DeleteFolderUseCase.swift */; };
		C3D2E3F400A1B05B50607080 /* SecureNoteEditForm.swift in Sources */ = {isa = PBXBuildFile; fileRef = D4E3F400A1B2C06C60708090 /* SecureNoteEditForm.swift */; };
		C3D4E5F607182940B5C6D7E8 /* EditVaultItemUseCase.swift in Sources */ = {isa = PBXBuildFile; fileRef = D4E5F6071829304AC6D7E8F9 /* EditVaultItemUseCase.swift */; };
		C3D4E5F6A7B849C0D1E2F3A4 /* PrizmCryptoService.swift in Sources */ = {isa = PBXBuildFile; fileRef = D8D710BEABBB4ADD9ADFCD1F /* PrizmCryptoService.swift */; };
		C3DDB598E8834E85833D86FE /* VaultBrowserViewModel.swift in Sources */ = {isa = PBXBuildFile; fileRef = F5F177A6089741F69C02E285 /* VaultBrowserViewModel.swift */; };
		C8951B673C224D76A33775A1 /* UnlockViewModel.swift in Sources */ = {isa = PBXBuildFile; fileRef = 7AFBFFDE4FCE4BD28D3C8E9A /* UnlockViewModel.swift */; };
		C8D9E0F1A2B34895C9D0E1F2 /* SyncStatusView.swift in Sources */ = {isa = PBXBuildFile; fileRef = D9E0F1A2B3C44895D0E1F2A3 /* SyncStatusView.swift */; };
		C95CAFFEA54E4E66BED34362 /* DeleteVaultItemUseCaseImpl.swift in Sources */ = {isa = PBXBuildFile; fileRef = 42858B188901413C9FD6C6E6 /* DeleteVaultItemUseCaseImpl.swift */; };
		CB1A2B3C4D5E6F7A8B9C0D1E /* CardBackground.swift in Sources */ = {isa = PBXBuildFile; fileRef = 1A2B3C4D5E6F7A8B9C0D1E2F /* CardBackground.swift */; };
		CE4521A69D3C49298AAC03DF /* SecureNoteDetailView.swift in Sources */ = {isa = PBXBuildFile; fileRef = 0F78357C6C424765828B6185 /* SecureNoteDetailView.swift */; };
		D034C4EF37844E88A91555A1 /* VaultItem.swift in Sources */ = {isa = PBXBuildFile; fileRef = EF90E0F31DF248FB9D12F74D /* VaultItem.swift */; };
		D3E4F5A6B7C84892D4E5F6A7 /* GetLastSyncDateUseCase.swift in Sources */ = {isa = PBXBuildFile; fileRef = C2D3E4F5A6B74892C3D4E5F6 /* GetLastSyncDateUseCase.swift */; };
		D4E5F6A7B8C94AD1E2F3A4B5 /* RawCipher.swift in Sources */ = {isa = PBXBuildFile; fileRef = 95E5FF4D219144A18C2BC5AA /* RawCipher.swift */; };
		DACC17049E22446A8EBDF996 /* MoveItemToFolderUseCaseImpl.swift in Sources */ = {isa = PBXBuildFile; fileRef = BE3F012437604C4281E27DC2 /* MoveItemToFolderUseCaseImpl.swift */; };
		DB71D59F021648E1982C90FA /* UnlockView.swift in Sources */ = {isa = PBXBuildFile; fileRef = 19616C22B9CF495087EE1F17 /* UnlockView.swift */; };
		DB95790F466448D78246B723 /* VaultRepositoryImpl.swift in Sources */ = {isa = PBXBuildFile; fileRef = 9AED13455B194BB48EDC3459 /* VaultRepositoryImpl.swift */; };
		DD1001000000000000000001 /* EmbeddedBiometricUnlock.swift in Sources */ = {isa = PBXBuildFile; fileRef = CC1001000000000000000001 /* EmbeddedBiometricUnlock.swift */; };
		DD1002000000000000000002 /* EmbeddedTouchIDView.swift in Sources */ = {isa = PBXBuildFile; fileRef = CC1002000000000000000002 /* EmbeddedTouchIDView.swift */; };
		DD1003000000000000000003 /* LocalAuthenticationEmbeddedUI.framework in Frameworks */ = {isa = PBXBuildFile; fileRef = CC1003000000000000000003 /* LocalAuthenticationEmbeddedUI.framework */; };
		E0F1A2B3C4D54896E1F2A3B4 /* SyncLabelFormatter.swift in Sources */ = {isa = PBXBuildFile; fileRef = F1A2B3C4D5E64896F2A3B4C5 /* SyncLabelFormatter.swift */; };
		E17D4DA652374B49BC2CD6B1 /* VaultBrowserView.swift in Sources */ = {isa = PBXBuildFile; fileRef = E7D9916B5072420494DE6F9F /* VaultBrowserView.swift */; };
		E5F400A1B2C3D07D70809000 /* SSHKeyEditForm.swift in Sources */ = {isa = PBXBuildFile; fileRef = F600A1B2C3D4E08E80900A1B /* SSHKeyEditForm.swift */; };
		E5F607182930405BD7E8F90A /* EditVaultItemUseCaseImpl.swift in Sources */ = {isa = PBXBuildFile; fileRef = F607182930405A6CE8F90A1B /* EditVaultItemUseCaseImpl.swift */; };
		E5F6A7B8C9D04BE2F3A4B5C6 /* SyncResponse.swift in Sources */ = {isa = PBXBuildFile; fileRef = 15F3A553820942CF9B3935FD /* SyncResponse.swift */; };
		E7772DAF3F324B8A807B7491 /* ItemRowView.swift in Sources */ = {isa = PBXBuildFile; fileRef = 6631A93BC5EA4827BC497076 /* ItemRowView.swift */; };
		EE11223344556677889900BB /* DesignSystem.swift in Sources */ = {isa = PBXBuildFile; fileRef = FF00112233445566778899AA /* DesignSystem.swift */; };
		F5A6B7C8D9E04893F6A7B8C9 /* SyncTimestampRepositoryImpl.swift in Sources */ = {isa = PBXBuildFile; fileRef = E4F5A6B7C8D94893E5F6A7B8 /* SyncTimestampRepositoryImpl.swift */; };
		F6A7B8C9D0E14CF3A4B5C6D7 /* CipherMapper.swift in Sources */ = {isa = PBXBuildFile; fileRef = F0E5C8073B744BF79C30A5E1 /* CipherMapper.swift */; };
		F945AAE42C17412F9A786BA1 /* RenameFolderUseCaseImpl.swift in Sources */ = {isa = PBXBuildFile; fileRef = 548AFB0AB0424A62BEAE1492 /* RenameFolderUseCaseImpl.swift */; };
		FD30240C189E483CBB5E2E3B /* SidebarSelection.swift in Sources */ = {isa = PBXBuildFile; fileRef = D7044163F8FD4199B4925DD2 /* SidebarSelection.swift */; };
		FE3145A0627D44CABC58ADCE /* MaskedFieldView.swift in Sources */ = {isa = PBXBuildFile; fileRef = F8197007AA7E412D96A52B14 /* MaskedFieldView.swift */; };
		FF0FFCD0FDD849318EBBFF77 /* FaviconLoader.swift in Sources */ = {isa = PBXBuildFile; fileRef = 50445584AD814B6EBD971FDA /* FaviconLoader.swift */; };
/* End PBXBuildFile section */

/* Begin PBXContainerItemProxy section */
		4309FD112F68121F0031C9F4 /* PBXContainerItemProxy */ = {
			isa = PBXContainerItemProxy;
			containerPortal = 434D9EB22F670B9C00052BCB /* Project object */;
			proxyType = 1;
			remoteGlobalIDString = 434D9EB92F670B9C00052BCB;
			remoteInfo = Prizm;
		};
/* End PBXContainerItemProxy section */

/* Begin PBXFileReference section */
		136AE7B9ED374714B6D40A4B /* OptionalAnimation.swift */ = {isa = PBXFileReference; lastKnownFileType = sourcecode.swift; path = OptionalAnimation.swift; sourceTree = "<group>"; };
		505C5126B6264355A140762B /* ContrastAwareOpacity.swift */ = {isa = PBXFileReference; lastKnownFileType = sourcecode.swift; path = ContrastAwareOpacity.swift; sourceTree = "<group>"; };
		00802736F25046A0BD600128 /* SidebarView.swift */ = {isa = PBXFileReference; lastKnownFileType = sourcecode.swift; path = SidebarView.swift; sourceTree = "<group>"; };
		09B93B56553644E49DE5C512 /* SearchVaultUseCase.swift */ = {isa = PBXFileReference; lastKnownFileType = sourcecode.swift; path = SearchVaultUseCase.swift; sourceTree = "<group>"; };
		0AC78A983744489DB1F8BCFB /* Folder.swift */ = {isa = PBXFileReference; lastKnownFileType = sourcecode.swift; path = Folder.swift; sourceTree = "<group>"; };
		0F78357C6C424765828B6185 /* SecureNoteDetailView.swift */ = {isa = PBXFileReference; lastKnownFileType = sourcecode.swift; path = SecureNoteDetailView.swift; sourceTree = "<group>"; };
		0FC64A993F0A48719EC3A078 /* UnlockUseCase.swift */ = {isa = PBXFileReference; lastKnownFileType = sourcecode.swift; path = UnlockUseCase.swift; sourceTree = "<group>"; };
		1307284FEED04829B5C4B587 /* CryptoKeys.swift */ = {isa = PBXFileReference; lastKnownFileType = sourcecode.swift; path = CryptoKeys.swift; sourceTree = "<group>"; };
		14DACA379C784C528EFA980F /* LoginUseCaseImpl.swift */ = {isa = PBXFileReference; lastKnownFileType = sourcecode.swift; path = LoginUseCaseImpl.swift; sourceTree = "<group>"; };
		15F3A553820942CF9B3935FD /* SyncResponse.swift */ = {isa = PBXFileReference; lastKnownFileType = sourcecode.swift; path = SyncResponse.swift; sourceTree = "<group>"; };
		16229ED9EF5043E1AC7EC30D /* Data/Keychain/BiometricKeychainServiceImpl.swift */ = {isa = PBXFileReference; lastKnownFileType = sourcecode.swift; path = Data/Keychain/BiometricKeychainServiceImpl.swift; sourceTree = "<group>"; };
		18293040506070E0A1B2C3D4 /* ItemEditViewModel.swift */ = {isa = PBXFileReference; lastKnownFileType = sourcecode.swift; path = ItemEditViewModel.swift; sourceTree = "<group>"; };
		182C3D4E5F6070A0A0B1C2D3 /* CustomFieldsEditSection.swift */ = {isa = PBXFileReference; lastKnownFileType = sourcecode.swift; path = CustomFieldsEditSection.swift; sourceTree = "<group>"; };
		19616C22B9CF495087EE1F17 /* UnlockView.swift */ = {isa = PBXFileReference; lastKnownFileType = sourcecode.swift; path = UnlockView.swift; sourceTree = "<group>"; };
		1A2B3C4D5E6F7A8B9C0D1E2F /* CardBackground.swift */ = {isa = PBXFileReference; lastKnownFileType = sourcecode.swift; path = CardBackground.swift; sourceTree = "<group>"; };
		212734E66AE74662AD28E6CB /* TrashView.swift */ = {isa = PBXFileReference; lastKnownFileType = sourcecode.swift; path = TrashView.swift; sourceTree = "<group>"; };
		226B2B19933B495DB3C4BD94 /* UnlockUseCaseImpl.swift */ = {isa = PBXFileReference; lastKnownFileType = sourcecode.swift; path = UnlockUseCaseImpl.swift; sourceTree = "<group>"; };
		2508605E27F24F8FB577CE41 /* CreateFolderUseCaseImpl.swift */ = {isa = PBXFileReference; lastKnownFileType = sourcecode.swift; path = CreateFolderUseCaseImpl.swift; sourceTree = "<group>"; };
		257FAE34CC064783806B6A5C /* LoginUseCase.swift */ = {isa = PBXFileReference; lastKnownFileType = sourcecode.swift; path = LoginUseCase.swift; sourceTree = "<group>"; };
		3A087E4D3AC14598A3CB7F00 /* SyncRepository.swift */ = {isa = PBXFileReference; lastKnownFileType = sourcecode.swift; path = SyncRepository.swift; sourceTree = "<group>"; };
		3A4050607080902CC3D4E5F6 /* ItemEditView.swift */ = {isa = PBXFileReference; lastKnownFileType = sourcecode.swift; path = ItemEditView.swift; sourceTree = "<group>"; };
		3D7BAEBAFBA84808BD80CA71 /* Presentation/Settings/BiometricUnlockToggle.swift */ = {isa = PBXFileReference; lastKnownFileType = sourcecode.swift; path = Presentation/Settings/BiometricUnlockToggle.swift; sourceTree = "<group>"; };
		3E105187F1E54E0E91E82B14 /* FieldRowView.swift */ = {isa = PBXFileReference; lastKnownFileType = sourcecode.swift; path = FieldRowView.swift; sourceTree = "<group>"; };
		3FBB82A6241244DD890E615C /* EncString.swift */ = {isa = PBXFileReference; lastKnownFileType = sourcecode.swift; path = EncString.swift; sourceTree = "<group>"; };
		40543834D81F44848D37A737 /* IdentityDetailView.swift */ = {isa = PBXFileReference; lastKnownFileType = sourcecode.swift; path = IdentityDetailView.swift; sourceTree = "<group>"; };
		42858B188901413C9FD6C6E6 /* DeleteVaultItemUseCaseImpl.swift */ = {isa = PBXFileReference; lastKnownFileType = sourcecode.swift; path = DeleteVaultItemUseCaseImpl.swift; sourceTree = "<group>"; };
		4309FCE12F6807970031C9F4 /* PrizmApp.swift */ = {isa = PBXFileReference; lastKnownFileType = sourcecode.swift; path = PrizmApp.swift; sourceTree = "<group>"; };
		4309FCE72F6809A40031C9F4 /* AppContainer.swift */ = {isa = PBXFileReference; lastKnownFileType = sourcecode.swift; path = AppContainer.swift; sourceTree = "<group>"; };
		4309FCE92F6809C10031C9F4 /* Config.swift */ = {isa = PBXFileReference; lastKnownFileType = sourcecode.swift; path = Config.swift; sourceTree = "<group>"; };
		4309FD0D2F68121F0031C9F4 /* PrizmTests.xctest */ = {isa = PBXFileReference; explicitFileType = wrapper.cfbundle; includeInIndex = 0; path = PrizmTests.xctest; sourceTree = BUILT_PRODUCTS_DIR; };
		434D9EBA2F670B9C00052BCB /* Prizm.app */ = {isa = PBXFileReference; explicitFileType = wrapper.application; includeInIndex = 0; path = Prizm.app; sourceTree = BUILT_PRODUCTS_DIR; };
		47D6E5C134C44B349511A5DC /* RenameFolderUseCase.swift */ = {isa = PBXFileReference; lastKnownFileType = sourcecode.swift; path = RenameFolderUseCase.swift; sourceTree = "<group>"; };
		4929412F2A6B4670960BFB53 /* RestoreVaultItemUseCase.swift */ = {isa = PBXFileReference; lastKnownFileType = sourcecode.swift; path = RestoreVaultItemUseCase.swift; sourceTree = "<group>"; };
		4ABEC630F6934ED883504C9D /* About/AboutView.swift */ = {isa = PBXFileReference; lastKnownFileType = sourcecode.swift; path = About/AboutView.swift; sourceTree = "<group>"; };
		4D6A671692BE497AA7E39F45 /* SyncRepositoryImpl.swift */ = {isa = PBXFileReference; lastKnownFileType = sourcecode.swift; path = SyncRepositoryImpl.swift; sourceTree = "<group>"; };
		4F246F209ADA45F99C9B17DB /* LoginDetailView.swift */ = {isa = PBXFileReference; lastKnownFileType = sourcecode.swift; path = LoginDetailView.swift; sourceTree = "<group>"; };
		50445584AD814B6EBD971FDA /* FaviconLoader.swift */ = {isa = PBXFileReference; lastKnownFileType = sourcecode.swift; path = FaviconLoader.swift; sourceTree = "<group>"; };
		548AFB0AB0424A62BEAE1492 /* RenameFolderUseCaseImpl.swift */ = {isa = PBXFileReference; lastKnownFileType = sourcecode.swift; path = RenameFolderUseCaseImpl.swift; sourceTree = "<group>"; };
		5A335CC7B3C743B59A7630D8 /* CreateVaultItemUseCase.swift */ = {isa = PBXFileReference; lastKnownFileType = sourcecode.swift; path = CreateVaultItemUseCase.swift; sourceTree = "<group>"; };
		5C607080900A10E4E5F60718 /* EditFieldRow.swift */ = {isa = PBXFileReference; lastKnownFileType = sourcecode.swift; path = EditFieldRow.swift; sourceTree = "<group>"; };
		5EBA517603CA448A8F9106AF /* SyncUseCase.swift */ = {isa = PBXFileReference; lastKnownFileType = sourcecode.swift; path = SyncUseCase.swift; sourceTree = "<group>"; };
		644111ECFEEE4F96988BD8C7 /* Presentation/Settings/SettingsView.swift */ = {isa = PBXFileReference; lastKnownFileType = sourcecode.swift; path = Presentation/Settings/SettingsView.swift; sourceTree = "<group>"; };
		6631A93BC5EA4827BC497076 /* ItemRowView.swift */ = {isa = PBXFileReference; lastKnownFileType = sourcecode.swift; path = ItemRowView.swift; sourceTree = "<group>"; };
		6A4F9E3B2C0D58F7B1A6E3C9 /* PermanentDeleteVaultItemUseCase.swift */ = {isa = PBXFileReference; lastKnownFileType = sourcecode.swift; path = PermanentDeleteVaultItemUseCase.swift; sourceTree = "<group>"; };
		6B41D0A2F7E54938AE12C8B5 /* SearchVaultUseCaseImpl.swift */ = {isa = PBXFileReference; lastKnownFileType = sourcecode.swift; path = SearchVaultUseCaseImpl.swift; sourceTree = "<group>"; };
		713C4F352B6B4E8C92BB72B1 /* LoginViewModel.swift */ = {isa = PBXFileReference; lastKnownFileType = sourcecode.swift; path = LoginViewModel.swift; sourceTree = "<group>"; };
		7429BBFA10E247D8AEACA59B /* LoginView.swift */ = {isa = PBXFileReference; lastKnownFileType = sourcecode.swift; path = LoginView.swift; sourceTree = "<group>"; };
		75776838723C412E94327CDD /* RestoreVaultItemUseCaseImpl.swift */ = {isa = PBXFileReference; lastKnownFileType = sourcecode.swift; path = RestoreVaultItemUseCaseImpl.swift; sourceTree = "<group>"; };
		7AFBFFDE4FCE4BD28D3C8E9A /* UnlockViewModel.swift */ = {isa = PBXFileReference; lastKnownFileType = sourcecode.swift; path = UnlockViewModel.swift; sourceTree = "<group>"; };
		7C40EE0279BE41BE97FC5942 /* ItemDetailView.swift */ = {isa = PBXFileReference; lastKnownFileType = sourcecode.swift; path = ItemDetailView.swift; sourceTree = "<group>"; };
		7D25874A14B2430FB85D7DC9 /* VaultRepository.swift */ = {isa = PBXFileReference; lastKnownFileType = sourcecode.swift; path = VaultRepository.swift; sourceTree = "<group>"; };
		7E8090A01B2C300607182930 /* LoginEditForm.swift */ = {isa = PBXFileReference; lastKnownFileType = sourcecode.swift; path = LoginEditForm.swift; sourceTree = "<group>"; };
		7E8F9A0B1C2D3E4F5A6B7C8D /* KeychainService.swift */ = {isa = PBXFileReference; lastKnownFileType = sourcecode.swift; path = KeychainService.swift; sourceTree = "<group>"; };
		81DBDEAA0270497F84F76A29 /* SyncProgressView.swift */ = {isa = PBXFileReference; lastKnownFileType = sourcecode.swift; path = SyncProgressView.swift; sourceTree = "<group>"; };
		8504983920144A92B0241CA9 /* SyncUseCaseImpl.swift */ = {isa = PBXFileReference; lastKnownFileType = sourcecode.swift; path = SyncUseCaseImpl.swift; sourceTree = "<group>"; };
		850DDD79F86D4651A98ADD0A /* CardDetailView.swift */ = {isa = PBXFileReference; lastKnownFileType = sourcecode.swift; path = CardDetailView.swift; sourceTree = "<group>"; };
		87629CFF5CFE4B4FA41EFC3C /* FaviconView.swift */ = {isa = PBXFileReference; lastKnownFileType = sourcecode.swift; path = FaviconView.swift; sourceTree = "<group>"; };
		882108627A8E4B1A8E608D25 /* Data/Keychain/BiometricKeychainService.swift */ = {isa = PBXFileReference; lastKnownFileType = sourcecode.swift; path = Data/Keychain/BiometricKeychainService.swift; sourceTree = "<group>"; };
		88A47FABF899471394B5F56B /* Presentation/Unlock/EnrollmentReason.swift */ = {isa = PBXFileReference; lastKnownFileType = sourcecode.swift; path = Presentation/Unlock/EnrollmentReason.swift; sourceTree = "<group>"; };
		8C6B1A5D4E2F70B9D3C8A5EB /* PermanentDeleteVaultItemUseCaseImpl.swift */ = {isa = PBXFileReference; lastKnownFileType = sourcecode.swift; path = PermanentDeleteVaultItemUseCaseImpl.swift; sourceTree = "<group>"; };
		90A0B1C2D3E4F02829304050 /* CardEditForm.swift */ = {isa = PBXFileReference; lastKnownFileType = sourcecode.swift; path = CardEditForm.swift; sourceTree = "<group>"; };
		95E5FF4D219144A18C2BC5AA /* RawCipher.swift */ = {isa = PBXFileReference; lastKnownFileType = sourcecode.swift; path = RawCipher.swift; sourceTree = "<group>"; };
		9AED13455B194BB48EDC3459 /* VaultRepositoryImpl.swift */ = {isa = PBXFileReference; lastKnownFileType = sourcecode.swift; path = VaultRepositoryImpl.swift; sourceTree = "<group>"; };
		A1B2C4D5E6F74891A2B3C4D5 /* SyncTimestampRepository.swift */ = {isa = PBXFileReference; lastKnownFileType = sourcecode.swift; path = SyncTimestampRepository.swift; sourceTree = "<group>"; };
		A3AF8078B4F847EBACB42331 /* MoveItemToFolderUseCase.swift */ = {isa = PBXFileReference; lastKnownFileType = sourcecode.swift; path = MoveItemToFolderUseCase.swift; sourceTree = "<group>"; };
		A6B7C8D9E0F14894A7B8C9D0 /* GetLastSyncDateUseCaseImpl.swift */ = {isa = PBXFileReference; lastKnownFileType = sourcecode.swift; path = GetLastSyncDateUseCaseImpl.swift; sourceTree = "<group>"; };
		AA0002010000000100000001 /* RandomnessProvider.swift */ = {isa = PBXFileReference; lastKnownFileType = sourcecode.swift; path = RandomnessProvider.swift; sourceTree = "<group>"; };
		AA0002020000000200000002 /* PasswordGeneratorConfig.swift */ = {isa = PBXFileReference; lastKnownFileType = sourcecode.swift; path = PasswordGeneratorConfig.swift; sourceTree = "<group>"; };
		AA0002030000000300000003 /* PasswordGenerator.swift */ = {isa = PBXFileReference; lastKnownFileType = sourcecode.swift; path = PasswordGenerator.swift; sourceTree = "<group>"; };
		AA0002040000000400000004 /* CryptographicRandomnessProvider.swift */ = {isa = PBXFileReference; lastKnownFileType = sourcecode.swift; path = CryptographicRandomnessProvider.swift; sourceTree = "<group>"; };
		AA0002050000000500000005 /* PasswordGeneratorViewModel.swift */ = {isa = PBXFileReference; lastKnownFileType = sourcecode.swift; path = PasswordGeneratorViewModel.swift; sourceTree = "<group>"; };
		AA0002060000000600000006 /* PasswordGeneratorView.swift */ = {isa = PBXFileReference; lastKnownFileType = sourcecode.swift; path = PasswordGeneratorView.swift; sourceTree = "<group>"; };
		AA0002070000000700000007 /* eff-large-wordlist.txt */ = {isa = PBXFileReference; lastKnownFileType = text; path = "eff-large-wordlist.txt"; sourceTree = "<group>"; };
		AA1001000000000000000001 /* Attachment.swift */ = {isa = PBXFileReference; lastKnownFileType = sourcecode.swift; path = Attachment.swift; sourceTree = "<group>"; };
		AA1002000000000000000002 /* AttachmentRepository.swift */ = {isa = PBXFileReference; lastKnownFileType = sourcecode.swift; path = AttachmentRepository.swift; sourceTree = "<group>"; };
		AA1003000000000000000003 /* VaultKeyService.swift */ = {isa = PBXFileReference; lastKnownFileType = sourcecode.swift; path = VaultKeyService.swift; sourceTree = "<group>"; };
		AA1004000000000000000004 /* UploadAttachmentUseCase.swift */ = {isa = PBXFileReference; lastKnownFileType = sourcecode.swift; path = UploadAttachmentUseCase.swift; sourceTree = "<group>"; };
		AA1005000000000000000005 /* DownloadAttachmentUseCase.swift */ = {isa = PBXFileReference; lastKnownFileType = sourcecode.swift; path = DownloadAttachmentUseCase.swift; sourceTree = "<group>"; };
		AA1006000000000000000006 /* DeleteAttachmentUseCase.swift */ = {isa = PBXFileReference; lastKnownFileType = sourcecode.swift; path = DeleteAttachmentUseCase.swift; sourceTree = "<group>"; };
		AA1007000000000000000007 /* AttachmentCrypto.swift */ = {isa = PBXFileReference; lastKnownFileType = sourcecode.swift; path = AttachmentCrypto.swift; sourceTree = "<group>"; };
		AA1008000000000000000008 /* AttachmentDTO.swift */ = {isa = PBXFileReference; lastKnownFileType = sourcecode.swift; path = AttachmentDTO.swift; sourceTree = "<group>"; };
		AA1009000000000000000009 /* AttachmentRepositoryImpl.swift */ = {isa = PBXFileReference; lastKnownFileType = sourcecode.swift; path = AttachmentRepositoryImpl.swift; sourceTree = "<group>"; };
		AA100A00000000000000000A /* VaultKeyCache.swift */ = {isa = PBXFileReference; lastKnownFileType = sourcecode.swift; path = VaultKeyCache.swift; sourceTree = "<group>"; };
		AA100B00000000000000000B /* VaultKeyServiceImpl.swift */ = {isa = PBXFileReference; lastKnownFileType = sourcecode.swift; path = VaultKeyServiceImpl.swift; sourceTree = "<group>"; };
		AA100C00000000000000000C /* AttachmentMapper.swift */ = {isa = PBXFileReference; lastKnownFileType = sourcecode.swift; path = AttachmentMapper.swift; sourceTree = "<group>"; };
		AA100D00000000000000000D /* UploadAttachmentUseCaseImpl.swift */ = {isa = PBXFileReference; lastKnownFileType = sourcecode.swift; path = UploadAttachmentUseCaseImpl.swift; sourceTree = "<group>"; };
		AA100E00000000000000000E /* DownloadAttachmentUseCaseImpl.swift */ = {isa = PBXFileReference; lastKnownFileType = sourcecode.swift; path = DownloadAttachmentUseCaseImpl.swift; sourceTree = "<group>"; };
		AA100F00000000000000000F /* DeleteAttachmentUseCaseImpl.swift */ = {isa = PBXFileReference; lastKnownFileType = sourcecode.swift; path = DeleteAttachmentUseCaseImpl.swift; sourceTree = "<group>"; };
		AA1010000000000000000010 /* TempFileManaging.swift */ = {isa = PBXFileReference; lastKnownFileType = sourcecode.swift; path = TempFileManaging.swift; sourceTree = "<group>"; };
		AA1011000000000000000011 /* AttachmentAddViewModel.swift */ = {isa = PBXFileReference; lastKnownFileType = sourcecode.swift; path = AttachmentAddViewModel.swift; sourceTree = "<group>"; };
		AA1012000000000000000012 /* AttachmentBatchViewModel.swift */ = {isa = PBXFileReference; lastKnownFileType = sourcecode.swift; path = AttachmentBatchViewModel.swift; sourceTree = "<group>"; };
		AA1013000000000000000013 /* AttachmentRowViewModel.swift */ = {isa = PBXFileReference; lastKnownFileType = sourcecode.swift; path = AttachmentRowViewModel.swift; sourceTree = "<group>"; };
		AA1014000000000000000014 /* AttachmentConfirmSheet.swift */ = {isa = PBXFileReference; lastKnownFileType = sourcecode.swift; path = AttachmentConfirmSheet.swift; sourceTree = "<group>"; };
		AA1015000000000000000015 /* AttachmentBatchSheet.swift */ = {isa = PBXFileReference; lastKnownFileType = sourcecode.swift; path = AttachmentBatchSheet.swift; sourceTree = "<group>"; };
		AA1016000000000000000016 /* AttachmentsSectionView.swift */ = {isa = PBXFileReference; lastKnownFileType = sourcecode.swift; path = AttachmentsSectionView.swift; sourceTree = "<group>"; };
		AA1017000000000000000017 /* AttachmentRowView.swift */ = {isa = PBXFileReference; lastKnownFileType = sourcecode.swift; path = AttachmentRowView.swift; sourceTree = "<group>"; };
		AA1018000000000000000018 /* AttachmentTempFileManager.swift */ = {isa = PBXFileReference; lastKnownFileType = sourcecode.swift; path = AttachmentTempFileManager.swift; sourceTree = "<group>"; };
		B2C1D2E3F400A04A40506070 /* IdentityEditForm.swift */ = {isa = PBXFileReference; lastKnownFileType = sourcecode.swift; path = IdentityEditForm.swift; sourceTree = "<group>"; };
		B2D3E4F506172839A4B5C6D7 /* DraftVaultItem.swift */ = {isa = PBXFileReference; lastKnownFileType = sourcecode.swift; path = DraftVaultItem.swift; sourceTree = "<group>"; };
		B465482A0CFB4710AD4727CB /* CreateVaultItemUseCaseImpl.swift */ = {isa = PBXFileReference; lastKnownFileType = sourcecode.swift; path = CreateVaultItemUseCaseImpl.swift; sourceTree = "<group>"; };
		B5D05DB7E6EC4A74802AEE58 /* DeleteFolderUseCase.swift */ = {isa = PBXFileReference; lastKnownFileType = sourcecode.swift; path = DeleteFolderUseCase.swift; sourceTree = "<group>"; };
		B65E7D6288C347DCA88A20DF /* AuthRepository.swift */ = {isa = PBXFileReference; lastKnownFileType = sourcecode.swift; path = AuthRepository.swift; sourceTree = "<group>"; };
		BB2233445566778899001122 /* OptionKeyMonitor.swift */ = {isa = PBXFileReference; lastKnownFileType = sourcecode.swift; path = OptionKeyMonitor.swift; sourceTree = "<group>"; };
		BB22CC33DD4455EE66FF7700 /* AccessibilityIdentifiers.swift */ = {isa = PBXFileReference; lastKnownFileType = sourcecode.swift; path = AccessibilityIdentifiers.swift; sourceTree = "<group>"; };
		BC80EA5DC69F429697492932 /* DeleteFolderUseCaseImpl.swift */ = {isa = PBXFileReference; lastKnownFileType = sourcecode.swift; path = DeleteFolderUseCaseImpl.swift; sourceTree = "<group>"; };
		BE3F012437604C4281E27DC2 /* MoveItemToFolderUseCaseImpl.swift */ = {isa = PBXFileReference; lastKnownFileType = sourcecode.swift; path = MoveItemToFolderUseCaseImpl.swift; sourceTree = "<group>"; };
		C2D3E4F5A6B74892C3D4E5F6 /* GetLastSyncDateUseCase.swift */ = {isa = PBXFileReference; lastKnownFileType = sourcecode.swift; path = GetLastSyncDateUseCase.swift; sourceTree = "<group>"; };
		CAB323D45FF2440C95C0BA70 /* CustomField.swift */ = {isa = PBXFileReference; lastKnownFileType = sourcecode.swift; path = CustomField.swift; sourceTree = "<group>"; };
		CC1001000000000000000001 /* EmbeddedBiometricUnlock.swift */ = {isa = PBXFileReference; lastKnownFileType = sourcecode.swift; path = EmbeddedBiometricUnlock.swift; sourceTree = "<group>"; };
		CC1002000000000000000002 /* EmbeddedTouchIDView.swift */ = {isa = PBXFileReference; lastKnownFileType = sourcecode.swift; path = EmbeddedTouchIDView.swift; sourceTree = "<group>"; };
		CC1003000000000000000003 /* LocalAuthenticationEmbeddedUI.framework */ = {isa = PBXFileReference; lastKnownFileType = wrapper.framework; name = LocalAuthenticationEmbeddedUI.framework; path = System/Library/Frameworks/LocalAuthenticationEmbeddedUI.framework; sourceTree = SDKROOT; };
		D4C3B2A1F6E54789D4C3B2A1 /* VerticalLabeledContentStyle.swift */ = {isa = PBXFileReference; lastKnownFileType = sourcecode.swift; path = VerticalLabeledContentStyle.swift; sourceTree = "<group>"; };
		D4E3F400A1B2C06C60708090 /* SecureNoteEditForm.swift */ = {isa = PBXFileReference; lastKnownFileType = sourcecode.swift; path = SecureNoteEditForm.swift; sourceTree = "<group>"; };
		D4E5F6071829304AC6D7E8F9 /* EditVaultItemUseCase.swift */ = {isa = PBXFileReference; lastKnownFileType = sourcecode.swift; path = EditVaultItemUseCase.swift; sourceTree = "<group>"; };
		D7044163F8FD4199B4925DD2 /* SidebarSelection.swift */ = {isa = PBXFileReference; lastKnownFileType = sourcecode.swift; path = SidebarSelection.swift; sourceTree = "<group>"; };
		D7C2BEABB748471395CEC2C6 /* RawFolder.swift */ = {isa = PBXFileReference; lastKnownFileType = sourcecode.swift; path = RawFolder.swift; sourceTree = "<group>"; };
		D8D710BEABBB4ADD9ADFCD1F /* PrizmCryptoService.swift */ = {isa = PBXFileReference; lastKnownFileType = sourcecode.swift; path = PrizmCryptoService.swift; sourceTree = "<group>"; };
		D9E0F1A2B3C44895D0E1F2A3 /* SyncStatusView.swift */ = {isa = PBXFileReference; lastKnownFileType = sourcecode.swift; path = SyncStatusView.swift; sourceTree = "<group>"; };
		DF8949A6D242488CBEC15CC0 /* ItemListView.swift */ = {isa = PBXFileReference; lastKnownFileType = sourcecode.swift; path = ItemListView.swift; sourceTree = "<group>"; };
		E25C290F2D7A470EB4AB8698 /* KdfParams.swift */ = {isa = PBXFileReference; lastKnownFileType = sourcecode.swift; path = KdfParams.swift; sourceTree = "<group>"; };
		E312819D0F20492CADB986E4 /* SSHKeyDetailView.swift */ = {isa = PBXFileReference; lastKnownFileType = sourcecode.swift; path = SSHKeyDetailView.swift; sourceTree = "<group>"; };
		E4F5A6B7C8D94893E5F6A7B8 /* SyncTimestampRepositoryImpl.swift */ = {isa = PBXFileReference; lastKnownFileType = sourcecode.swift; path = SyncTimestampRepositoryImpl.swift; sourceTree = "<group>"; };
		E7D9916B5072420494DE6F9F /* VaultBrowserView.swift */ = {isa = PBXFileReference; lastKnownFileType = sourcecode.swift; path = VaultBrowserView.swift; sourceTree = "<group>"; };
		E819470C1E544509A3DDD52F /* PrizmAPIClient.swift */ = {isa = PBXFileReference; lastKnownFileType = sourcecode.swift; path = PrizmAPIClient.swift; sourceTree = "<group>"; };
		E9EA3A6C1A304AAF9510682E /* CreateFolderUseCase.swift */ = {isa = PBXFileReference; lastKnownFileType = sourcecode.swift; path = CreateFolderUseCase.swift; sourceTree = "<group>"; };
		EDB0E4B753854AFF89FFFAA2 /* DeleteVaultItemUseCase.swift */ = {isa = PBXFileReference; lastKnownFileType = sourcecode.swift; path = DeleteVaultItemUseCase.swift; sourceTree = "<group>"; };
		EEBF74B2F57C4B2D9FAA790B /* About/AboutViewModel.swift */ = {isa = PBXFileReference; lastKnownFileType = sourcecode.swift; path = About/AboutViewModel.swift; sourceTree = "<group>"; };
		EF90E0F31DF248FB9D12F74D /* VaultItem.swift */ = {isa = PBXFileReference; lastKnownFileType = sourcecode.swift; path = VaultItem.swift; sourceTree = "<group>"; };
		F0DA2B1AD4924580BCE20BF3 /* AuthRepositoryImpl.swift */ = {isa = PBXFileReference; lastKnownFileType = sourcecode.swift; path = AuthRepositoryImpl.swift; sourceTree = "<group>"; };
		F0E5C8073B744BF79C30A5E1 /* CipherMapper.swift */ = {isa = PBXFileReference; lastKnownFileType = sourcecode.swift; path = CipherMapper.swift; sourceTree = "<group>"; };
		F1A2B3C4D5E64896F2A3B4C5 /* SyncLabelFormatter.swift */ = {isa = PBXFileReference; lastKnownFileType = sourcecode.swift; path = SyncLabelFormatter.swift; sourceTree = "<group>"; };
		F1A2B3C4D5E6F7A8B9C0D1E2 /* FolderTreeNode.swift */ = {isa = PBXFileReference; lastKnownFileType = sourcecode.swift; path = FolderTreeNode.swift; sourceTree = "<group>"; };
		F557D7298207448A9FBFC676 /* Account.swift */ = {isa = PBXFileReference; lastKnownFileType = sourcecode.swift; path = Account.swift; sourceTree = "<group>"; };
		F5F177A6089741F69C02E285 /* VaultBrowserViewModel.swift */ = {isa = PBXFileReference; lastKnownFileType = sourcecode.swift; path = VaultBrowserViewModel.swift; sourceTree = "<group>"; };
		F600A1B2C3D4E08E80900A1B /* SSHKeyEditForm.swift */ = {isa = PBXFileReference; lastKnownFileType = sourcecode.swift; path = SSHKeyEditForm.swift; sourceTree = "<group>"; };
		F607182930405A6CE8F90A1B /* EditVaultItemUseCaseImpl.swift */ = {isa = PBXFileReference; lastKnownFileType = sourcecode.swift; path = EditVaultItemUseCaseImpl.swift; sourceTree = "<group>"; };
		F641DA62DF364B3C9D896204 /* TOTPPromptView.swift */ = {isa = PBXFileReference; lastKnownFileType = sourcecode.swift; path = TOTPPromptView.swift; sourceTree = "<group>"; };
		F8197007AA7E412D96A52B14 /* MaskedFieldView.swift */ = {isa = PBXFileReference; lastKnownFileType = sourcecode.swift; path = MaskedFieldView.swift; sourceTree = "<group>"; };
		F95EFA050DE64617AC5076CD /* CustomFieldsSection.swift */ = {isa = PBXFileReference; lastKnownFileType = sourcecode.swift; path = CustomFieldsSection.swift; sourceTree = "<group>"; };
		FC4A8B1C2F9D34E100123456 /* LocalConfig.xcconfig */ = {isa = PBXFileReference; lastKnownFileType = text.xcconfig; path = LocalConfig.xcconfig; sourceTree = SOURCE_ROOT; };
		FF00112233445566778899AA /* DesignSystem.swift */ = {isa = PBXFileReference; lastKnownFileType = sourcecode.swift; path = DesignSystem.swift; sourceTree = "<group>"; };
		F53A563DEF9F47329635DE6F /* BiometricEnrollmentPromptView.swift */ = {isa = PBXFileReference; lastKnownFileType = sourcecode.swift; path = "Presentation/Unlock/BiometricEnrollmentPromptView.swift"; sourceTree = "<group>"; };
/* End PBXFileReference section */

/* Begin PBXFileSystemSynchronizedBuildFileExceptionSet section */
		43EB6FED2F7EF09C0047ED9F /* Exceptions for "Prizm" folder in "Prizm" target */ = {
			isa = PBXFileSystemSynchronizedBuildFileExceptionSet;
			membershipExceptions = (
				Info.plist,
			);
			target = 434D9EB92F670B9C00052BCB /* Prizm */;
		};
/* End PBXFileSystemSynchronizedBuildFileExceptionSet section */

/* Begin PBXFileSystemSynchronizedRootGroup section */
		4309FD0E2F68121F0031C9F4 /* PrizmTests */ = {
			isa = PBXFileSystemSynchronizedRootGroup;
			path = PrizmTests;
			sourceTree = "<group>";
		};
		434D9EBC2F670B9C00052BCB /* Prizm */ = {
			isa = PBXFileSystemSynchronizedRootGroup;
			exceptions = (
				43EB6FED2F7EF09C0047ED9F /* Exceptions for "Prizm" folder in "Prizm" target */,
			);
			path = Prizm;
			sourceTree = "<group>";
		};
/* End PBXFileSystemSynchronizedRootGroup section */

/* Begin PBXFrameworksBuildPhase section */
		4309FD0A2F68121F0031C9F4 /* Frameworks */ = {
			isa = PBXFrameworksBuildPhase;
			buildActionMask = 2147483647;
			files = (
			);
			runOnlyForDeploymentPostprocessing = 0;
		};
		434D9EB72F670B9C00052BCB /* Frameworks */ = {
			isa = PBXFrameworksBuildPhase;
			buildActionMask = 2147483647;
			files = (
				23BDC74E5D1F47618262BE0D /* Argon2Swift in Frameworks */,
				DD1003000000000000000003 /* LocalAuthenticationEmbeddedUI.framework in Frameworks */,
			);
			runOnlyForDeploymentPostprocessing = 0;
		};
/* End PBXFrameworksBuildPhase section */

/* Begin PBXGroup section */
		4309FCE62F6808620031C9F4 /* App */ = {
			isa = PBXGroup;
			children = (
				4309FCE12F6807970031C9F4 /* PrizmApp.swift */,
				4309FCE72F6809A40031C9F4 /* AppContainer.swift */,
				4309FCE92F6809C10031C9F4 /* Config.swift */,
				AA1018000000000000000018 /* AttachmentTempFileManager.swift */,
			);
			path = App;
			sourceTree = "<group>";
		};
		4309FCEB2F680ABF0031C9F4 /* Domain */ = {
			isa = PBXGroup;
			children = (
				AA0003010000000100000001 /* Utilities */,
				4309FCEE2F680ADE0031C9F4 /* UseCases */,
				4309FCED2F680AD60031C9F4 /* Repositories */,
				4309FCEC2F680AC80031C9F4 /* Entities */,
			);
			path = Domain;
			sourceTree = "<group>";
		};
		4309FCEC2F680AC80031C9F4 /* Entities */ = {
			isa = PBXGroup;
			children = (
				F557D7298207448A9FBFC676 /* Account.swift */,
				E25C290F2D7A470EB4AB8698 /* KdfParams.swift */,
				EF90E0F31DF248FB9D12F74D /* VaultItem.swift */,
				CAB323D45FF2440C95C0BA70 /* CustomField.swift */,
				D7044163F8FD4199B4925DD2 /* SidebarSelection.swift */,
				B2D3E4F506172839A4B5C6D7 /* DraftVaultItem.swift */,
				0AC78A983744489DB1F8BCFB /* Folder.swift */,
				F1A2B3C4D5E6F7A8B9C0D1E2 /* FolderTreeNode.swift */,
				AA1001000000000000000001 /* Attachment.swift */,
			);
			path = Entities;
			sourceTree = "<group>";
		};
		4309FCED2F680AD60031C9F4 /* Repositories */ = {
			isa = PBXGroup;
			children = (
				B65E7D6288C347DCA88A20DF /* AuthRepository.swift */,
				7D25874A14B2430FB85D7DC9 /* VaultRepository.swift */,
				3A087E4D3AC14598A3CB7F00 /* SyncRepository.swift */,
				A1B2C4D5E6F74891A2B3C4D5 /* SyncTimestampRepository.swift */,
				AA1002000000000000000002 /* AttachmentRepository.swift */,
				AA1003000000000000000003 /* VaultKeyService.swift */,
			);
			path = Repositories;
			sourceTree = "<group>";
		};
		4309FCEE2F680ADE0031C9F4 /* UseCases */ = {
			isa = PBXGroup;
			children = (
				257FAE34CC064783806B6A5C /* LoginUseCase.swift */,
				0FC64A993F0A48719EC3A078 /* UnlockUseCase.swift */,
				5EBA517603CA448A8F9106AF /* SyncUseCase.swift */,
				09B93B56553644E49DE5C512 /* SearchVaultUseCase.swift */,
				D4E5F6071829304AC6D7E8F9 /* EditVaultItemUseCase.swift */,
				5A335CC7B3C743B59A7630D8 /* CreateVaultItemUseCase.swift */,
				EDB0E4B753854AFF89FFFAA2 /* DeleteVaultItemUseCase.swift */,
				4929412F2A6B4670960BFB53 /* RestoreVaultItemUseCase.swift */,
				6A4F9E3B2C0D58F7B1A6E3C9 /* PermanentDeleteVaultItemUseCase.swift */,
				C2D3E4F5A6B74892C3D4E5F6 /* GetLastSyncDateUseCase.swift */,
				E9EA3A6C1A304AAF9510682E /* CreateFolderUseCase.swift */,
				B5D05DB7E6EC4A74802AEE58 /* DeleteFolderUseCase.swift */,
				A3AF8078B4F847EBACB42331 /* MoveItemToFolderUseCase.swift */,
				47D6E5C134C44B349511A5DC /* RenameFolderUseCase.swift */,
				AA1004000000000000000004 /* UploadAttachmentUseCase.swift */,
				AA1005000000000000000005 /* DownloadAttachmentUseCase.swift */,
				AA1006000000000000000006 /* DeleteAttachmentUseCase.swift */,
			);
			path = UseCases;
			sourceTree = "<group>";
		};
		4309FCEF2F680AE70031C9F4 /* Data */ = {
			isa = PBXGroup;
			children = (
				FF2563714D2C473EA1DFE89E /* UseCases */,
				4309FCF52F680BF70031C9F4 /* Repositories */,
				4309FCF42F680BF00031C9F4 /* Mappers */,
				4309FCF32F680BEA0031C9F4 /* Keychain */,
				4309FCF12F680BD10031C9F4 /* Network */,
				4309FCF02F680AEF0031C9F4 /* Crypto */,
			);
			path = Data;
			sourceTree = "<group>";
		};
		4309FCF02F680AEF0031C9F4 /* Crypto */ = {
			isa = PBXGroup;
			children = (
				1307284FEED04829B5C4B587 /* CryptoKeys.swift */,
				AA0002040000000400000004 /* CryptographicRandomnessProvider.swift */,
				3FBB82A6241244DD890E615C /* EncString.swift */,
				D8D710BEABBB4ADD9ADFCD1F /* PrizmCryptoService.swift */,
				AA1007000000000000000007 /* AttachmentCrypto.swift */,
			);
			path = Crypto;
			sourceTree = "<group>";
		};
		4309FCF12F680BD10031C9F4 /* Network */ = {
			isa = PBXGroup;
			children = (
				E819470C1E544509A3DDD52F /* PrizmAPIClient.swift */,
				50445584AD814B6EBD971FDA /* FaviconLoader.swift */,
				4309FCF22F680BDF0031C9F4 /* Models */,
			);
			path = Network;
			sourceTree = "<group>";
		};
		4309FCF22F680BDF0031C9F4 /* Models */ = {
			isa = PBXGroup;
			children = (
				95E5FF4D219144A18C2BC5AA /* RawCipher.swift */,
				15F3A553820942CF9B3935FD /* SyncResponse.swift */,
				D7C2BEABB748471395CEC2C6 /* RawFolder.swift */,
				AA1008000000000000000008 /* AttachmentDTO.swift */,
			);
			path = Models;
			sourceTree = "<group>";
		};
		4309FCF32F680BEA0031C9F4 /* Keychain */ = {
			isa = PBXGroup;
			children = (
				7E8F9A0B1C2D3E4F5A6B7C8D /* KeychainService.swift */,
			);
			path = Keychain;
			sourceTree = "<group>";
		};
		4309FCF42F680BF00031C9F4 /* Mappers */ = {
			isa = PBXGroup;
			children = (
				F0E5C8073B744BF79C30A5E1 /* CipherMapper.swift */,
				AA100C00000000000000000C /* AttachmentMapper.swift */,
			);
			path = Mappers;
			sourceTree = "<group>";
		};
		4309FCF52F680BF70031C9F4 /* Repositories */ = {
			isa = PBXGroup;
			children = (
				F0DA2B1AD4924580BCE20BF3 /* AuthRepositoryImpl.swift */,
				4D6A671692BE497AA7E39F45 /* SyncRepositoryImpl.swift */,
				9AED13455B194BB48EDC3459 /* VaultRepositoryImpl.swift */,
				E4F5A6B7C8D94893E5F6A7B8 /* SyncTimestampRepositoryImpl.swift */,
				AA1009000000000000000009 /* AttachmentRepositoryImpl.swift */,
				AA100A00000000000000000A /* VaultKeyCache.swift */,
				AA100B00000000000000000B /* VaultKeyServiceImpl.swift */,
				CC1001000000000000000001 /* EmbeddedBiometricUnlock.swift */,
			);
			path = Repositories;
			sourceTree = "<group>";
		};
		4309FCF62F680C950031C9F4 /* Presentation */ = {
			isa = PBXGroup;
			children = (
				505C5126B6264355A140762B /* ContrastAwareOpacity.swift */,
				136AE7B9ED374714B6D40A4B /* OptionalAnimation.swift */,
				BB22CC33DD4455EE66FF7700 /* AccessibilityIdentifiers.swift */,
				FF00112233445566778899AA /* DesignSystem.swift */,
				EEBF74B2F57C4B2D9FAA790B /* About/AboutViewModel.swift */,
				4ABEC630F6934ED883504C9D /* About/AboutView.swift */,
				AA1010000000000000000010 /* TempFileManaging.swift */,
				CE7CA2E3F69D4D26BA2E50F2 /* Unlock */,
				498456596EC249F78737016A /* Sync */,
				7D6DFC79E63B457284977CA8 /* Login */,
				4309FCFC2F680CCD0031C9F4 /* Components */,
				4309FCF82F680CA50031C9F4 /* Vault */,
			);
			path = Presentation;
			sourceTree = "<group>";
		};
		4309FCF82F680CA50031C9F4 /* Vault */ = {
			isa = PBXGroup;
			children = (
				F5F177A6089741F69C02E285 /* VaultBrowserViewModel.swift */,
				E7D9916B5072420494DE6F9F /* VaultBrowserView.swift */,
				F1A2B3C4D5E64896F2A3B4C5 /* SyncLabelFormatter.swift */,
				AA2000000000000000000001 /* Attachments */,
				4309FCFB2F680CC60031C9F4 /* Detail */,
				8A9B0C1D2E3F4050A1B2C3D4 /* Edit */,
				4309FCFA2F680CBD0031C9F4 /* ItemList */,
				4309FCF92F680CB40031C9F4 /* Sidebar */,
				7F9C2582320343D997856712 /* Trash */,
			);
			path = Vault;
			sourceTree = "<group>";
		};
		4309FCF92F680CB40031C9F4 /* Sidebar */ = {
			isa = PBXGroup;
			children = (
				00802736F25046A0BD600128 /* SidebarView.swift */,
				D9E0F1A2B3C44895D0E1F2A3 /* SyncStatusView.swift */,
			);
			path = Sidebar;
			sourceTree = "<group>";
		};
		4309FCFA2F680CBD0031C9F4 /* ItemList */ = {
			isa = PBXGroup;
			children = (
				DF8949A6D242488CBEC15CC0 /* ItemListView.swift */,
				6631A93BC5EA4827BC497076 /* ItemRowView.swift */,
			);
			path = ItemList;
			sourceTree = "<group>";
		};
		4309FCFB2F680CC60031C9F4 /* Detail */ = {
			isa = PBXGroup;
			children = (
				7C40EE0279BE41BE97FC5942 /* ItemDetailView.swift */,
				4F246F209ADA45F99C9B17DB /* LoginDetailView.swift */,
				850DDD79F86D4651A98ADD0A /* CardDetailView.swift */,
				40543834D81F44848D37A737 /* IdentityDetailView.swift */,
				0F78357C6C424765828B6185 /* SecureNoteDetailView.swift */,
				E312819D0F20492CADB986E4 /* SSHKeyDetailView.swift */,
				F95EFA050DE64617AC5076CD /* CustomFieldsSection.swift */,
				AA1016000000000000000016 /* AttachmentsSectionView.swift */,
				AA1017000000000000000017 /* AttachmentRowView.swift */,
			);
			path = Detail;
			sourceTree = "<group>";
		};
		4309FCFC2F680CCD0031C9F4 /* Components */ = {
			isa = PBXGroup;
			children = (
				F8197007AA7E412D96A52B14 /* MaskedFieldView.swift */,
				BB2233445566778899001122 /* OptionKeyMonitor.swift */,
				3E105187F1E54E0E91E82B14 /* FieldRowView.swift */,
				87629CFF5CFE4B4FA41EFC3C /* FaviconView.swift */,
				D4C3B2A1F6E54789D4C3B2A1 /* VerticalLabeledContentStyle.swift */,
				1A2B3C4D5E6F7A8B9C0D1E2F /* CardBackground.swift */,
				CC1002000000000000000002 /* EmbeddedTouchIDView.swift */,
			);
			path = Components;
			sourceTree = "<group>";
		};
		434D9EB12F670B9C00052BCB = {
			isa = PBXGroup;
			children = (
				4309FCF62F680C950031C9F4 /* Presentation */,
				4309FCEF2F680AE70031C9F4 /* Data */,
				4309FCEB2F680ABF0031C9F4 /* Domain */,
				4309FCE62F6808620031C9F4 /* App */,
				AA0003020000000200000002 /* Resources */,
				434D9EBC2F670B9C00052BCB /* Prizm */,
				4309FD0E2F68121F0031C9F4 /* PrizmTests */,
				434D9EBB2F670B9C00052BCB /* Products */,
				EE1001000000000000000001 /* Frameworks */,
				FC4A8B1C2F9D34E100123456 /* LocalConfig.xcconfig */,
				43FFE9FC2F8AEAE700F70508 /* Recovered References */,
			);
			sourceTree = "<group>";
		};
		434D9EBB2F670B9C00052BCB /* Products */ = {
			isa = PBXGroup;
			children = (
				434D9EBA2F670B9C00052BCB /* Prizm.app */,
				4309FD0D2F68121F0031C9F4 /* PrizmTests.xctest */,
			);
			name = Products;
			sourceTree = "<group>";
		};
		43FFE9FC2F8AEAE700F70508 /* Recovered References */ = {
			isa = PBXGroup;
			children = (
				882108627A8E4B1A8E608D25 /* Data/Keychain/BiometricKeychainService.swift */,
				16229ED9EF5043E1AC7EC30D /* Data/Keychain/BiometricKeychainServiceImpl.swift */,
				88A47FABF899471394B5F56B /* Presentation/Unlock/EnrollmentReason.swift */,
				644111ECFEEE4F96988BD8C7 /* Presentation/Settings/SettingsView.swift */,
				3D7BAEBAFBA84808BD80CA71 /* Presentation/Settings/BiometricUnlockToggle.swift */,
			);
			name = "Recovered References";
			sourceTree = "<group>";
		};
		498456596EC249F78737016A /* Sync */ = {
			isa = PBXGroup;
			children = (
				81DBDEAA0270497F84F76A29 /* SyncProgressView.swift */,
			);
			path = Sync;
			sourceTree = "<group>";
		};
		7D6DFC79E63B457284977CA8 /* Login */ = {
			isa = PBXGroup;
			children = (
				713C4F352B6B4E8C92BB72B1 /* LoginViewModel.swift */,
				7429BBFA10E247D8AEACA59B /* LoginView.swift */,
				F641DA62DF364B3C9D896204 /* TOTPPromptView.swift */,
			);
			path = Login;
			sourceTree = "<group>";
		};
		7F9C2582320343D997856712 /* Trash */ = {
			isa = PBXGroup;
			children = (
				212734E66AE74662AD28E6CB /* TrashView.swift */,
			);
			path = Trash;
			sourceTree = "<group>";
		};
		8A9B0C1D2E3F4050A1B2C3D4 /* Edit */ = {
			isa = PBXGroup;
			children = (
				18293040506070E0A1B2C3D4 /* ItemEditViewModel.swift */,
				3A4050607080902CC3D4E5F6 /* ItemEditView.swift */,
				5C607080900A10E4E5F60718 /* EditFieldRow.swift */,
				7E8090A01B2C300607182930 /* LoginEditForm.swift */,
				90A0B1C2D3E4F02829304050 /* CardEditForm.swift */,
				B2C1D2E3F400A04A40506070 /* IdentityEditForm.swift */,
				D4E3F400A1B2C06C60708090 /* SecureNoteEditForm.swift */,
				F600A1B2C3D4E08E80900A1B /* SSHKeyEditForm.swift */,
				182C3D4E5F6070A0A0B1C2D3 /* CustomFieldsEditSection.swift */,
				AA0002050000000500000005 /* PasswordGeneratorViewModel.swift */,
				AA0002060000000600000006 /* PasswordGeneratorView.swift */,
			);
			path = Edit;
			sourceTree = "<group>";
		};
		AA0003010000000100000001 /* Utilities */ = {
			isa = PBXGroup;
			children = (
				AA0002010000000100000001 /* RandomnessProvider.swift */,
				AA0002020000000200000002 /* PasswordGeneratorConfig.swift */,
				AA0002030000000300000003 /* PasswordGenerator.swift */,
			);
			path = Utilities;
			sourceTree = "<group>";
		};
		AA0003020000000200000002 /* Resources */ = {
			isa = PBXGroup;
			children = (
				AA0002070000000700000007 /* eff-large-wordlist.txt */,
			);
			path = Resources;
			sourceTree = "<group>";
		};
		AA2000000000000000000001 /* Attachments */ = {
			isa = PBXGroup;
			children = (
				AA1011000000000000000011 /* AttachmentAddViewModel.swift */,
				AA1012000000000000000012 /* AttachmentBatchViewModel.swift */,
				AA1013000000000000000013 /* AttachmentRowViewModel.swift */,
				AA1014000000000000000014 /* AttachmentConfirmSheet.swift */,
				AA1015000000000000000015 /* AttachmentBatchSheet.swift */,
			);
			path = Attachments;
			sourceTree = "<group>";
		};
		CE7CA2E3F69D4D26BA2E50F2 /* Unlock */ = {
			isa = PBXGroup;
			children = (
				19616C22B9CF495087EE1F17 /* UnlockView.swift */,
				7AFBFFDE4FCE4BD28D3C8E9A /* UnlockViewModel.swift */,
			);
			path = Unlock;
			sourceTree = "<group>";
		};
		EE1001000000000000000001 /* Frameworks */ = {
			isa = PBXGroup;
			children = (
				CC1003000000000000000003 /* LocalAuthenticationEmbeddedUI.framework */,
			);
			name = Frameworks;
			sourceTree = "<group>";
		};
		FF2563714D2C473EA1DFE89E /* UseCases */ = {
			isa = PBXGroup;
			children = (
				226B2B19933B495DB3C4BD94 /* UnlockUseCaseImpl.swift */,
				14DACA379C784C528EFA980F /* LoginUseCaseImpl.swift */,
				8504983920144A92B0241CA9 /* SyncUseCaseImpl.swift */,
				6B41D0A2F7E54938AE12C8B5 /* SearchVaultUseCaseImpl.swift */,
				F607182930405A6CE8F90A1B /* EditVaultItemUseCaseImpl.swift */,
				B465482A0CFB4710AD4727CB /* CreateVaultItemUseCaseImpl.swift */,
				42858B188901413C9FD6C6E6 /* DeleteVaultItemUseCaseImpl.swift */,
				75776838723C412E94327CDD /* RestoreVaultItemUseCaseImpl.swift */,
				8C6B1A5D4E2F70B9D3C8A5EB /* PermanentDeleteVaultItemUseCaseImpl.swift */,
				A6B7C8D9E0F14894A7B8C9D0 /* GetLastSyncDateUseCaseImpl.swift */,
				2508605E27F24F8FB577CE41 /* CreateFolderUseCaseImpl.swift */,
				BC80EA5DC69F429697492932 /* DeleteFolderUseCaseImpl.swift */,
				BE3F012437604C4281E27DC2 /* MoveItemToFolderUseCaseImpl.swift */,
				548AFB0AB0424A62BEAE1492 /* RenameFolderUseCaseImpl.swift */,
				AA100D00000000000000000D /* UploadAttachmentUseCaseImpl.swift */,
				AA100E00000000000000000E /* DownloadAttachmentUseCaseImpl.swift */,
				AA100F00000000000000000F /* DeleteAttachmentUseCaseImpl.swift */,
			);
			path = UseCases;
			sourceTree = "<group>";
		};
/* End PBXGroup section */

/* Begin PBXNativeTarget section */
		4309FD0C2F68121F0031C9F4 /* PrizmTests */ = {
			isa = PBXNativeTarget;
			buildConfigurationList = 4309FD152F68121F0031C9F4 /* Build configuration list for PBXNativeTarget "PrizmTests" */;
			buildPhases = (
				4309FD092F68121F0031C9F4 /* Sources */,
				4309FD0A2F68121F0031C9F4 /* Frameworks */,
				4309FD0B2F68121F0031C9F4 /* Resources */,
			);
			buildRules = (
			);
			dependencies = (
				4309FD122F68121F0031C9F4 /* PBXTargetDependency */,
			);
			fileSystemSynchronizedGroups = (
				4309FD0E2F68121F0031C9F4 /* PrizmTests */,
			);
			name = PrizmTests;
			packageProductDependencies = (
			);
			productName = PrizmTests;
			productReference = 4309FD0D2F68121F0031C9F4 /* PrizmTests.xctest */;
			productType = "com.apple.product-type.bundle.unit-test";
		};
		434D9EB92F670B9C00052BCB /* Prizm */ = {
			isa = PBXNativeTarget;
			buildConfigurationList = 434D9EC52F670B9E00052BCB /* Build configuration list for PBXNativeTarget "Prizm" */;
			buildPhases = (
				434D9EB62F670B9C00052BCB /* Sources */,
				434D9EB72F670B9C00052BCB /* Frameworks */,
				434D9EB82F670B9C00052BCB /* Resources */,
			);
			buildRules = (
			);
			dependencies = (
			);
			fileSystemSynchronizedGroups = (
				434D9EBC2F670B9C00052BCB /* Prizm */,
			);
			name = Prizm;
			packageProductDependencies = (
				59F9054E12044EC582D79C90 /* Argon2Swift */,
			);
			productName = Prizm;
			productReference = 434D9EBA2F670B9C00052BCB /* Prizm.app */;
			productType = "com.apple.product-type.application";
		};
/* End PBXNativeTarget section */

/* Begin PBXProject section */
		434D9EB22F670B9C00052BCB /* Project object */ = {
			isa = PBXProject;
			attributes = {
				BuildIndependentTargetsInParallel = 1;
				LastSwiftUpdateCheck = 2630;
				LastUpgradeCheck = 2640;
				TargetAttributes = {
					4309FD0C2F68121F0031C9F4 = {
						CreatedOnToolsVersion = 26.3;
						TestTargetID = 434D9EB92F670B9C00052BCB;
					};
					434D9EB92F670B9C00052BCB = {
						CreatedOnToolsVersion = 26.3;
					};
				};
			};
			buildConfigurationList = 434D9EB52F670B9C00052BCB /* Build configuration list for PBXProject "Prizm" */;
			developmentRegion = en;
			hasScannedForEncodings = 0;
			knownRegions = (
				en,
				Base,
			);
			mainGroup = 434D9EB12F670B9C00052BCB;
			minimizedProjectReferenceProxies = 1;
			packageReferences = (
				43375DE92F6740CD0002ECE8 /* XCLocalSwiftPackageReference "../LocalPackages/Argon2Swift" */,
			);
			preferredProjectObjectVersion = 77;
			productRefGroup = 434D9EBB2F670B9C00052BCB /* Products */;
			projectDirPath = "";
			projectRoot = "";
			targets = (
				434D9EB92F670B9C00052BCB /* Prizm */,
				4309FD0C2F68121F0031C9F4 /* PrizmTests */,
			);
		};
/* End PBXProject section */

/* Begin PBXResourcesBuildPhase section */
		4309FD0B2F68121F0031C9F4 /* Resources */ = {
			isa = PBXResourcesBuildPhase;
			buildActionMask = 2147483647;
			files = (
			);
			runOnlyForDeploymentPostprocessing = 0;
		};
		434D9EB82F670B9C00052BCB /* Resources */ = {
			isa = PBXResourcesBuildPhase;
			buildActionMask = 2147483647;
			files = (
				AA0001070000000700000007 /* eff-large-wordlist.txt in Resources */,
			);
			runOnlyForDeploymentPostprocessing = 0;
		};
/* End PBXResourcesBuildPhase section */

/* Begin PBXSourcesBuildPhase section */
		4309FD092F68121F0031C9F4 /* Sources */ = {
			isa = PBXSourcesBuildPhase;
			buildActionMask = 2147483647;
			files = (
			);
			runOnlyForDeploymentPostprocessing = 0;
		};
		434D9EB62F670B9C00052BCB /* Sources */ = {
			isa = PBXSourcesBuildPhase;
			buildActionMask = 2147483647;
			files = (
				9B3412B1F4F648DEBC7BFC94 /* ContrastAwareOpacity.swift in Sources */,
				967254DE6EE74766B9E011A5 /* OptionalAnimation.swift in Sources */,
				6A563BC5058D474D9C84561E /* Account.swift in Sources */,
				AB64508ED7804841AAC551A0 /* KdfParams.swift in Sources */,
				D034C4EF37844E88A91555A1 /* VaultItem.swift in Sources */,
				3E04D7AC0223458CB329663C /* CustomField.swift in Sources */,
				FD30240C189E483CBB5E2E3B /* SidebarSelection.swift in Sources */,
				2489593B92144CA7A107D531 /* AuthRepository.swift in Sources */,
				87D4D13FF5F24C46B3588820 /* VaultRepository.swift in Sources */,
				018ED7880B384B399D0C3A98 /* SyncRepository.swift in Sources */,
				B1C2D3E4F5A64791B2C3D4E5 /* SyncTimestampRepository.swift in Sources */,
				D3E4F5A6B7C84892D4E5F6A7 /* GetLastSyncDateUseCase.swift in Sources */,
				C290678FFC8F4FDDB215C261 /* LoginUseCase.swift in Sources */,
				714B2A1113A34984901FCC03 /* UnlockUseCase.swift in Sources */,
				398F032CED024F6584FF693D /* SyncUseCase.swift in Sources */,
				4A3B67E2BD5543D4B9F46152 /* SearchVaultUseCase.swift in Sources */,
				4309FCE32F6807970031C9F4 /* PrizmApp.swift in Sources */,
				B1335B23AD5F4D1CB28E3F19 /* About/AboutViewModel.swift in Sources */,
				77DF6B9FF920443AA5F94219 /* About/AboutView.swift in Sources */,
				4309FCE82F6809B20031C9F4 /* AppContainer.swift in Sources */,
				4309FCEA2F6809C30031C9F4 /* Config.swift in Sources */,
				43947740EA3343DC9C888402 /* PrizmAPIClient.swift in Sources */,
				FF0FFCD0FDD849318EBBFF77 /* FaviconLoader.swift in Sources */,
				B2390AAAD10D4CE69AD6660C /* AuthRepositoryImpl.swift in Sources */,
				3CE951E495E649489E3DADAC /* SyncRepositoryImpl.swift in Sources */,
				F5A6B7C8D9E04893F6A7B8C9 /* SyncTimestampRepositoryImpl.swift in Sources */,
				DB95790F466448D78246B723 /* VaultRepositoryImpl.swift in Sources */,
				2CA025EEBDD14800B361F176 /* LoginUseCaseImpl.swift in Sources */,
				48716DD27A3B45A6872E0DC2 /* UnlockUseCaseImpl.swift in Sources */,
				56FB66DA11C44233B49CEB31 /* SyncUseCaseImpl.swift in Sources */,
				B7C8D9E0F1A24894B8C9D0E1 /* GetLastSyncDateUseCaseImpl.swift in Sources */,
				A7E3F19B8C2D4A61B04DE723 /* SearchVaultUseCaseImpl.swift in Sources */,
				9D5A14583F6A4B3BAF956201 /* LoginViewModel.swift in Sources */,
				5D0EC041FE98478CA9C6601B /* LoginView.swift in Sources */,
				98329A0BFD094D69BF05D595 /* TOTPPromptView.swift in Sources */,
				A2D9C5FB40924655AABA3088 /* SyncProgressView.swift in Sources */,
				DB71D59F021648E1982C90FA /* UnlockView.swift in Sources */,
				E2AAA6708B2A46FA85BE5860 /* BiometricEnrollmentPromptView.swift in Sources */,
				C8951B673C224D76A33775A1 /* UnlockViewModel.swift in Sources */,
				FE3145A0627D44CABC58ADCE /* MaskedFieldView.swift in Sources */,
				AA1122334455667788990011 /* OptionKeyMonitor.swift in Sources */,
				B11759DE56D34E4199773C2D /* FieldRowView.swift in Sources */,
				98E8E51C9AD5496C88E0ABD3 /* FaviconView.swift in Sources */,
				A1B2C3D4E5F64789A1B2C3D4 /* VerticalLabeledContentStyle.swift in Sources */,
				C3DDB598E8834E85833D86FE /* VaultBrowserViewModel.swift in Sources */,
				E17D4DA652374B49BC2CD6B1 /* VaultBrowserView.swift in Sources */,
				3B3721D2F8C646EC91512FDA /* SidebarView.swift in Sources */,
				C8D9E0F1A2B34895C9D0E1F2 /* SyncStatusView.swift in Sources */,
				E0F1A2B3C4D54896E1F2A3B4 /* SyncLabelFormatter.swift in Sources */,
				01C52844A03B4BA8A309902D /* ItemListView.swift in Sources */,
				E7772DAF3F324B8A807B7491 /* ItemRowView.swift in Sources */,
				7AE873E2FB0A4DC5BEE93B9A /* LoginDetailView.swift in Sources */,
				7F0FEAC3BB77445D9BCE9F99 /* CardDetailView.swift in Sources */,
				A2533B80CB7943ADA49084A4 /* IdentityDetailView.swift in Sources */,
				CE4521A69D3C49298AAC03DF /* SecureNoteDetailView.swift in Sources */,
				21BA94E7B93240BAB0D49B1A /* SSHKeyDetailView.swift in Sources */,
				2E8E71AB9E244C56B93F96AD /* CustomFieldsSection.swift in Sources */,
				2D9BD6B00E6145FA83F324D7 /* ItemDetailView.swift in Sources */,
				A1B2C3D4E5F647A8B9C0D1E2 /* CryptoKeys.swift in Sources */,
				B2C3D4E5F6A748B9C0D1E2F3 /* EncString.swift in Sources */,
				C3D4E5F6A7B849C0D1E2F3A4 /* PrizmCryptoService.swift in Sources */,
				D4E5F6A7B8C94AD1E2F3A4B5 /* RawCipher.swift in Sources */,
				E5F6A7B8C9D04BE2F3A4B5C6 /* SyncResponse.swift in Sources */,
				F6A7B8C9D0E14CF3A4B5C6D7 /* CipherMapper.swift in Sources */,
				A2B3C4D5E6F74718B9C0D1E2 /* KeychainService.swift in Sources */,
				AA11BB22CC3344DD55EE66FF /* AccessibilityIdentifiers.swift in Sources */,
				CB1A2B3C4D5E6F7A8B9C0D1E /* CardBackground.swift in Sources */,
				EE11223344556677889900BB /* DesignSystem.swift in Sources */,
				A1C2D3E4F506172839A4B56C /* DraftVaultItem.swift in Sources */,
				C3D4E5F607182940B5C6D7E8 /* EditVaultItemUseCase.swift in Sources */,
				AC3EC95F694247B5A5809233 /* CreateVaultItemUseCase.swift in Sources */,
				E5F607182930405BD7E8F90A /* EditVaultItemUseCaseImpl.swift in Sources */,
				A96C7D84DE3B404CA450285C /* CreateVaultItemUseCaseImpl.swift in Sources */,
				0718293040506070F90A1B2C /* ItemEditViewModel.swift in Sources */,
				29304050607080F1B2C3D4E5 /* ItemEditView.swift in Sources */,
				4B506070809000D3D4E5F607 /* EditFieldRow.swift in Sources */,
				6D7080900A1B20F5F6071829 /* LoginEditForm.swift in Sources */,
				8F900A1B2C3D401718293040 /* CardEditForm.swift in Sources */,
				A1B0C1D2E3F4003930405060 /* IdentityEditForm.swift in Sources */,
				C3D2E3F400A1B05B50607080 /* SecureNoteEditForm.swift in Sources */,
				E5F400A1B2C3D07D70809000 /* SSHKeyEditForm.swift in Sources */,
				071B2C3D4E5F609F90A0B1C2 /* CustomFieldsEditSection.swift in Sources */,
				48891CE90AC444CF810E1256 /* DeleteVaultItemUseCase.swift in Sources */,
				50B64B0B76674E2EAE36E66C /* RestoreVaultItemUseCase.swift in Sources */,
				5F3E8D2A1B9C47E6A0F5D2B8 /* PermanentDeleteVaultItemUseCase.swift in Sources */,
				C95CAFFEA54E4E66BED34362 /* DeleteVaultItemUseCaseImpl.swift in Sources */,
				3BC539D6D63240D0B5315A0D /* RestoreVaultItemUseCaseImpl.swift in Sources */,
				7B5A0F4C3D1E69A8C2B7F4DA /* PermanentDeleteVaultItemUseCaseImpl.swift in Sources */,
				421368787851407FBCA9D99F /* TrashView.swift in Sources */,
				AA0001010000000100000001 /* RandomnessProvider.swift in Sources */,
				AA0001020000000200000002 /* PasswordGeneratorConfig.swift in Sources */,
				AA0001030000000300000003 /* PasswordGenerator.swift in Sources */,
				AA0001040000000400000004 /* CryptographicRandomnessProvider.swift in Sources */,
				AA0001050000000500000005 /* PasswordGeneratorViewModel.swift in Sources */,
				AA0001060000000600000006 /* PasswordGeneratorView.swift in Sources */,
				599A7C867D6F4FA5A9B27BC2 /* Folder.swift in Sources */,
				A1B2C3D4E5F6A7B8C9D0E1F3 /* FolderTreeNode.swift in Sources */,
				87146F7FF9C64EEA974FE521 /* CreateFolderUseCase.swift in Sources */,
				C2ACEC2617F14F5A80A7FCED /* DeleteFolderUseCase.swift in Sources */,
				3025343DFDDB4ACE97F1EC2A /* MoveItemToFolderUseCase.swift in Sources */,
				2B6CA91FF52E48F69DA89240 /* RenameFolderUseCase.swift in Sources */,
				09856BAE1DB241E8A55EB941 /* CreateFolderUseCaseImpl.swift in Sources */,
				211E56C54900452E87AA072F /* DeleteFolderUseCaseImpl.swift in Sources */,
				DACC17049E22446A8EBDF996 /* MoveItemToFolderUseCaseImpl.swift in Sources */,
				F945AAE42C17412F9A786BA1 /* RenameFolderUseCaseImpl.swift in Sources */,
				68A370309477440DA143EB26 /* RawFolder.swift in Sources */,
				BB1001000000000000000001 /* Attachment.swift in Sources */,
				BB1002000000000000000002 /* AttachmentRepository.swift in Sources */,
				BB1003000000000000000003 /* VaultKeyService.swift in Sources */,
				BB1004000000000000000004 /* UploadAttachmentUseCase.swift in Sources */,
				BB1005000000000000000005 /* DownloadAttachmentUseCase.swift in Sources */,
				BB1006000000000000000006 /* DeleteAttachmentUseCase.swift in Sources */,
				BB1007000000000000000007 /* AttachmentCrypto.swift in Sources */,
				BB1008000000000000000008 /* AttachmentDTO.swift in Sources */,
				BB1009000000000000000009 /* AttachmentRepositoryImpl.swift in Sources */,
				BB100A00000000000000000A /* VaultKeyCache.swift in Sources */,
				BB100B00000000000000000B /* VaultKeyServiceImpl.swift in Sources */,
				BB100C00000000000000000C /* AttachmentMapper.swift in Sources */,
				BB100D00000000000000000D /* UploadAttachmentUseCaseImpl.swift in Sources */,
				BB100E00000000000000000E /* DownloadAttachmentUseCaseImpl.swift in Sources */,
				BB100F00000000000000000F /* DeleteAttachmentUseCaseImpl.swift in Sources */,
				BB1010000000000000000010 /* TempFileManaging.swift in Sources */,
				BB1011000000000000000011 /* AttachmentAddViewModel.swift in Sources */,
				BB1012000000000000000012 /* AttachmentBatchViewModel.swift in Sources */,
				BB1013000000000000000013 /* AttachmentRowViewModel.swift in Sources */,
				BB1014000000000000000014 /* AttachmentConfirmSheet.swift in Sources */,
				BB1015000000000000000015 /* AttachmentBatchSheet.swift in Sources */,
				BB1016000000000000000016 /* AttachmentsSectionView.swift in Sources */,
				BB1017000000000000000017 /* AttachmentRowView.swift in Sources */,
				BB1018000000000000000018 /* AttachmentTempFileManager.swift in Sources */,
				A41CBC7194E542AB8B6AC13C /* Data/Keychain/BiometricKeychainService.swift in Sources */,
				6B61A3E712A64FCDBF4C3D96 /* Data/Keychain/BiometricKeychainServiceImpl.swift in Sources */,
				839B201DD1B0447FABC35E38 /* Presentation/Unlock/EnrollmentReason.swift in Sources */,
				2939BF1A524B44458BD40B01 /* Presentation/Settings/SettingsView.swift in Sources */,
				60067C5087C547F4B96C3493 /* Presentation/Settings/BiometricUnlockToggle.swift in Sources */,
				DD1001000000000000000001 /* EmbeddedBiometricUnlock.swift in Sources */,
				DD1002000000000000000002 /* EmbeddedTouchIDView.swift in Sources */,
			);
			runOnlyForDeploymentPostprocessing = 0;
		};
/* End PBXSourcesBuildPhase section */

/* Begin PBXTargetDependency section */
		4309FD122F68121F0031C9F4 /* PBXTargetDependency */ = {
			isa = PBXTargetDependency;
			target = 434D9EB92F670B9C00052BCB /* Prizm */;
			targetProxy = 4309FD112F68121F0031C9F4 /* PBXContainerItemProxy */;
		};
/* End PBXTargetDependency section */

/* Begin XCBuildConfiguration section */
		4309FD132F68121F0031C9F4 /* Debug */ = {
			isa = XCBuildConfiguration;
			buildSettings = {
				BUNDLE_LOADER = "$(TEST_HOST)";
				CODE_SIGN_STYLE = Automatic;
				CURRENT_PROJECT_VERSION = 1;
				DEAD_CODE_STRIPPING = YES;
				GENERATE_INFOPLIST_FILE = YES;
				MACOSX_DEPLOYMENT_TARGET = 26.0;
				MARKETING_VERSION = 1.0.0;
				PRODUCT_BUNDLE_IDENTIFIER = de.b0x42.de.PrizmTests;
				PRODUCT_NAME = "$(TARGET_NAME)";
				SDKROOT = macosx;
				STRING_CATALOG_GENERATE_SYMBOLS = NO;
				SWIFT_APPROACHABLE_CONCURRENCY = YES;
				SWIFT_EMIT_LOC_STRINGS = NO;
				SWIFT_UPCOMING_FEATURE_MEMBER_IMPORT_VISIBILITY = YES;
				SWIFT_VERSION = 6.0;
				TEST_HOST = "$(BUILT_PRODUCTS_DIR)/Prizm.app/$(BUNDLE_EXECUTABLE_FOLDER_PATH)/Prizm";
			};
			name = Debug;
		};
		4309FD142F68121F0031C9F4 /* Release */ = {
			isa = XCBuildConfiguration;
			buildSettings = {
				BUNDLE_LOADER = "$(TEST_HOST)";
				CODE_SIGN_STYLE = Automatic;
				CURRENT_PROJECT_VERSION = 1;
				DEAD_CODE_STRIPPING = YES;
				GENERATE_INFOPLIST_FILE = YES;
				MACOSX_DEPLOYMENT_TARGET = 26.0;
				MARKETING_VERSION = 1.0.0;
				PRODUCT_BUNDLE_IDENTIFIER = de.b0x42.de.PrizmTests;
				PRODUCT_NAME = "$(TARGET_NAME)";
				SDKROOT = macosx;
				STRING_CATALOG_GENERATE_SYMBOLS = NO;
				SWIFT_APPROACHABLE_CONCURRENCY = YES;
				SWIFT_EMIT_LOC_STRINGS = NO;
				SWIFT_UPCOMING_FEATURE_MEMBER_IMPORT_VISIBILITY = YES;
				SWIFT_VERSION = 6.0;
				TEST_HOST = "$(BUILT_PRODUCTS_DIR)/Prizm.app/$(BUNDLE_EXECUTABLE_FOLDER_PATH)/Prizm";
			};
			name = Release;
		};
		434D9EC32F670B9E00052BCB /* Debug */ = {
			isa = XCBuildConfiguration;
			buildSettings = {
				ALWAYS_SEARCH_USER_PATHS = NO;
				ASSETCATALOG_COMPILER_GENERATE_SWIFT_ASSET_SYMBOL_EXTENSIONS = YES;
				CLANG_ANALYZER_NONNULL = YES;
				CLANG_ANALYZER_NUMBER_OBJECT_CONVERSION = YES_AGGRESSIVE;
				CLANG_CXX_LANGUAGE_STANDARD = "gnu++20";
				CLANG_ENABLE_MODULES = YES;
				CLANG_ENABLE_OBJC_ARC = YES;
				CLANG_ENABLE_OBJC_WEAK = YES;
				CLANG_WARN_BLOCK_CAPTURE_AUTORELEASING = YES;
				CLANG_WARN_BOOL_CONVERSION = YES;
				CLANG_WARN_COMMA = YES;
				CLANG_WARN_CONSTANT_CONVERSION = YES;
				CLANG_WARN_DEPRECATED_OBJC_IMPLEMENTATIONS = YES;
				CLANG_WARN_DIRECT_OBJC_ISA_USAGE = YES_ERROR;
				CLANG_WARN_DOCUMENTATION_COMMENTS = YES;
				CLANG_WARN_EMPTY_BODY = YES;
				CLANG_WARN_ENUM_CONVERSION = YES;
				CLANG_WARN_INFINITE_RECURSION = YES;
				CLANG_WARN_INT_CONVERSION = YES;
				CLANG_WARN_NON_LITERAL_NULL_CONVERSION = YES;
				CLANG_WARN_OBJC_IMPLICIT_RETAIN_SELF = YES;
				CLANG_WARN_OBJC_LITERAL_CONVERSION = YES;
				CLANG_WARN_OBJC_ROOT_CLASS = YES_ERROR;
				CLANG_WARN_QUOTED_INCLUDE_IN_FRAMEWORK_HEADER = YES;
				CLANG_WARN_RANGE_LOOP_ANALYSIS = YES;
				CLANG_WARN_STRICT_PROTOTYPES = YES;
				CLANG_WARN_SUSPICIOUS_MOVE = YES;
				CLANG_WARN_UNGUARDED_AVAILABILITY = YES_AGGRESSIVE;
				CLANG_WARN_UNREACHABLE_CODE = YES;
				CLANG_WARN__DUPLICATE_METHOD_MATCH = YES;
				COPY_PHASE_STRIP = NO;
				DEAD_CODE_STRIPPING = YES;
				DEBUG_INFORMATION_FORMAT = dwarf;
				ENABLE_STRICT_OBJC_MSGSEND = YES;
				ENABLE_TESTABILITY = YES;
				ENABLE_USER_SCRIPT_SANDBOXING = YES;
				GCC_C_LANGUAGE_STANDARD = gnu17;
				GCC_DYNAMIC_NO_PIC = NO;
				GCC_NO_COMMON_BLOCKS = YES;
				GCC_OPTIMIZATION_LEVEL = 0;
				GCC_PREPROCESSOR_DEFINITIONS = (
					"DEBUG=1",
					"$(inherited)",
				);
				GCC_WARN_64_TO_32_BIT_CONVERSION = YES;
				GCC_WARN_ABOUT_RETURN_TYPE = YES_ERROR;
				GCC_WARN_UNDECLARED_SELECTOR = YES;
				GCC_WARN_UNINITIALIZED_AUTOS = YES_AGGRESSIVE;
				GCC_WARN_UNUSED_FUNCTION = YES;
				GCC_WARN_UNUSED_VARIABLE = YES;
				LOCALIZATION_PREFERS_STRING_CATALOGS = YES;
				MTL_ENABLE_DEBUG_INFO = INCLUDE_SOURCE;
				MTL_FAST_MATH = YES;
				ONLY_ACTIVE_ARCH = YES;
				STRING_CATALOG_GENERATE_SYMBOLS = YES;
				SWIFT_ACTIVE_COMPILATION_CONDITIONS = "DEBUG $(inherited)";
				SWIFT_OPTIMIZATION_LEVEL = "-Onone";
			};
			name = Debug;
		};
		434D9EC42F670B9E00052BCB /* Release */ = {
			isa = XCBuildConfiguration;
			buildSettings = {
				ALWAYS_SEARCH_USER_PATHS = NO;
				ASSETCATALOG_COMPILER_GENERATE_SWIFT_ASSET_SYMBOL_EXTENSIONS = YES;
				CLANG_ANALYZER_NONNULL = YES;
				CLANG_ANALYZER_NUMBER_OBJECT_CONVERSION = YES_AGGRESSIVE;
				CLANG_CXX_LANGUAGE_STANDARD = "gnu++20";
				CLANG_ENABLE_MODULES = YES;
				CLANG_ENABLE_OBJC_ARC = YES;
				CLANG_ENABLE_OBJC_WEAK = YES;
				CLANG_WARN_BLOCK_CAPTURE_AUTORELEASING = YES;
				CLANG_WARN_BOOL_CONVERSION = YES;
				CLANG_WARN_COMMA = YES;
				CLANG_WARN_CONSTANT_CONVERSION = YES;
				CLANG_WARN_DEPRECATED_OBJC_IMPLEMENTATIONS = YES;
				CLANG_WARN_DIRECT_OBJC_ISA_USAGE = YES_ERROR;
				CLANG_WARN_DOCUMENTATION_COMMENTS = YES;
				CLANG_WARN_EMPTY_BODY = YES;
				CLANG_WARN_ENUM_CONVERSION = YES;
				CLANG_WARN_INFINITE_RECURSION = YES;
				CLANG_WARN_INT_CONVERSION = YES;
				CLANG_WARN_NON_LITERAL_NULL_CONVERSION = YES;
				CLANG_WARN_OBJC_IMPLICIT_RETAIN_SELF = YES;
				CLANG_WARN_OBJC_LITERAL_CONVERSION = YES;
				CLANG_WARN_OBJC_ROOT_CLASS = YES_ERROR;
				CLANG_WARN_QUOTED_INCLUDE_IN_FRAMEWORK_HEADER = YES;
				CLANG_WARN_RANGE_LOOP_ANALYSIS = YES;
				CLANG_WARN_STRICT_PROTOTYPES = YES;
				CLANG_WARN_SUSPICIOUS_MOVE = YES;
				CLANG_WARN_UNGUARDED_AVAILABILITY = YES_AGGRESSIVE;
				CLANG_WARN_UNREACHABLE_CODE = YES;
				CLANG_WARN__DUPLICATE_METHOD_MATCH = YES;
				COPY_PHASE_STRIP = NO;
				DEAD_CODE_STRIPPING = YES;
				DEBUG_INFORMATION_FORMAT = "dwarf-with-dsym";
				ENABLE_NS_ASSERTIONS = NO;
				ENABLE_STRICT_OBJC_MSGSEND = YES;
				ENABLE_USER_SCRIPT_SANDBOXING = YES;
				GCC_C_LANGUAGE_STANDARD = gnu17;
				GCC_NO_COMMON_BLOCKS = YES;
				GCC_WARN_64_TO_32_BIT_CONVERSION = YES;
				GCC_WARN_ABOUT_RETURN_TYPE = YES_ERROR;
				GCC_WARN_UNDECLARED_SELECTOR = YES;
				GCC_WARN_UNINITIALIZED_AUTOS = YES_AGGRESSIVE;
				GCC_WARN_UNUSED_FUNCTION = YES;
				GCC_WARN_UNUSED_VARIABLE = YES;
				LOCALIZATION_PREFERS_STRING_CATALOGS = YES;
				MTL_ENABLE_DEBUG_INFO = NO;
				MTL_FAST_MATH = YES;
				STRING_CATALOG_GENERATE_SYMBOLS = YES;
				SWIFT_COMPILATION_MODE = wholemodule;
			};
			name = Release;
		};
		434D9EC62F670B9E00052BCB /* Debug */ = {
			isa = XCBuildConfiguration;
			baseConfigurationReference = FC4A8B1C2F9D34E100123456 /* LocalConfig.xcconfig */;
			buildSettings = {
				ASSETCATALOG_COMPILER_APPICON_NAME = Prizm_V2;
				ASSETCATALOG_COMPILER_GLOBAL_ACCENT_COLOR_NAME = AccentColor;
				ASSETCATALOG_COMPILER_INCLUDE_ALL_APPICON_ASSETS = NO;
				CODE_SIGN_ENTITLEMENTS = Prizm/Prizm.entitlements;
				CODE_SIGN_STYLE = Automatic;
				CURRENT_PROJECT_VERSION = 1;
				DEAD_CODE_STRIPPING = YES;
				DEVELOPMENT_TEAM = QQLP5WK88A;
				ENABLE_APP_SANDBOX = YES;
				ENABLE_INCOMING_NETWORK_CONNECTIONS = NO;
				ENABLE_OUTGOING_NETWORK_CONNECTIONS = YES;
				ENABLE_PREVIEWS = YES;
				ENABLE_RESOURCE_ACCESS_AUDIO_INPUT = NO;
				ENABLE_RESOURCE_ACCESS_BLUETOOTH = NO;
				ENABLE_RESOURCE_ACCESS_CALENDARS = NO;
				ENABLE_RESOURCE_ACCESS_CAMERA = NO;
				ENABLE_RESOURCE_ACCESS_CONTACTS = NO;
				ENABLE_RESOURCE_ACCESS_LOCATION = NO;
				ENABLE_RESOURCE_ACCESS_PRINTING = NO;
				ENABLE_RESOURCE_ACCESS_USB = NO;
				ENABLE_USER_SELECTED_FILES = readonly;
				GENERATE_INFOPLIST_FILE = YES;
				INFOPLIST_FILE = Prizm/Info.plist;
				"INFOPLIST_KEY_UIApplicationSceneManifest_Generation[sdk=iphoneos*]" = YES;
				"INFOPLIST_KEY_UIApplicationSceneManifest_Generation[sdk=iphonesimulator*]" = YES;
				"INFOPLIST_KEY_UIApplicationSupportsIndirectInputEvents[sdk=iphoneos*]" = YES;
				"INFOPLIST_KEY_UIApplicationSupportsIndirectInputEvents[sdk=iphonesimulator*]" = YES;
				"INFOPLIST_KEY_UILaunchScreen_Generation[sdk=iphoneos*]" = YES;
				"INFOPLIST_KEY_UILaunchScreen_Generation[sdk=iphonesimulator*]" = YES;
				"INFOPLIST_KEY_UIStatusBarStyle[sdk=iphoneos*]" = UIStatusBarStyleDefault;
				"INFOPLIST_KEY_UIStatusBarStyle[sdk=iphonesimulator*]" = UIStatusBarStyleDefault;
				INFOPLIST_KEY_UISupportedInterfaceOrientations_iPad = "UIInterfaceOrientationPortrait UIInterfaceOrientationPortraitUpsideDown UIInterfaceOrientationLandscapeLeft UIInterfaceOrientationLandscapeRight";
				INFOPLIST_KEY_UISupportedInterfaceOrientations_iPhone = "UIInterfaceOrientationPortrait UIInterfaceOrientationLandscapeLeft UIInterfaceOrientationLandscapeRight";
				IPHONEOS_DEPLOYMENT_TARGET = 26.2;
				LD_RUNPATH_SEARCH_PATHS = "@executable_path/Frameworks";
				"LD_RUNPATH_SEARCH_PATHS[sdk=macosx*]" = "@executable_path/../Frameworks";
				MACOSX_DEPLOYMENT_TARGET = 26.0;
				MARKETING_VERSION = 1.0.0;
				PRODUCT_BUNDLE_IDENTIFIER = de.b0x42.Prizm;
				PRODUCT_NAME = "$(TARGET_NAME)";
				REGISTER_APP_GROUPS = YES;
				SDKROOT = auto;
				STRING_CATALOG_GENERATE_SYMBOLS = YES;
				SUPPORTED_PLATFORMS = "iphoneos iphonesimulator macosx";
				SUPPORTS_MACCATALYST = NO;
				SWIFT_APPROACHABLE_CONCURRENCY = YES;
				SWIFT_DEFAULT_ACTOR_ISOLATION = MainActor;
				SWIFT_EMIT_LOC_STRINGS = YES;
				SWIFT_UPCOMING_FEATURE_MEMBER_IMPORT_VISIBILITY = YES;
				SWIFT_VERSION = 6.0;
				TARGETED_DEVICE_FAMILY = "1,2";
				XROS_DEPLOYMENT_TARGET = 26.2;
			};
			name = Debug;
		};
		434D9EC72F670B9E00052BCB /* Release */ = {
			isa = XCBuildConfiguration;
			baseConfigurationReference = FC4A8B1C2F9D34E100123456 /* LocalConfig.xcconfig */;
			buildSettings = {
				ASSETCATALOG_COMPILER_APPICON_NAME = Prizm_V2;
				ASSETCATALOG_COMPILER_GLOBAL_ACCENT_COLOR_NAME = AccentColor;
				ASSETCATALOG_COMPILER_INCLUDE_ALL_APPICON_ASSETS = NO;
				CODE_SIGN_ENTITLEMENTS = Prizm/Prizm.entitlements;
				CODE_SIGN_STYLE = Automatic;
				CURRENT_PROJECT_VERSION = 1;
				DEAD_CODE_STRIPPING = YES;
				DEVELOPMENT_TEAM = QQLP5WK88A;
				ENABLE_APP_SANDBOX = YES;
				ENABLE_HARDENED_RUNTIME = YES;
				ENABLE_INCOMING_NETWORK_CONNECTIONS = NO;
				ENABLE_OUTGOING_NETWORK_CONNECTIONS = YES;
				ENABLE_PREVIEWS = YES;
				ENABLE_RESOURCE_ACCESS_AUDIO_INPUT = NO;
				ENABLE_RESOURCE_ACCESS_BLUETOOTH = NO;
				ENABLE_RESOURCE_ACCESS_CALENDARS = NO;
				ENABLE_RESOURCE_ACCESS_CAMERA = NO;
				ENABLE_RESOURCE_ACCESS_CONTACTS = NO;
				ENABLE_RESOURCE_ACCESS_LOCATION = NO;
				ENABLE_RESOURCE_ACCESS_PRINTING = NO;
				ENABLE_RESOURCE_ACCESS_USB = NO;
				ENABLE_USER_SELECTED_FILES = readonly;
				GENERATE_INFOPLIST_FILE = YES;
				INFOPLIST_FILE = Prizm/Info.plist;
				"INFOPLIST_KEY_UIApplicationSceneManifest_Generation[sdk=iphoneos*]" = YES;
				"INFOPLIST_KEY_UIApplicationSceneManifest_Generation[sdk=iphonesimulator*]" = YES;
				"INFOPLIST_KEY_UIApplicationSupportsIndirectInputEvents[sdk=iphoneos*]" = YES;
				"INFOPLIST_KEY_UIApplicationSupportsIndirectInputEvents[sdk=iphonesimulator*]" = YES;
				"INFOPLIST_KEY_UILaunchScreen_Generation[sdk=iphoneos*]" = YES;
				"INFOPLIST_KEY_UILaunchScreen_Generation[sdk=iphonesimulator*]" = YES;
				"INFOPLIST_KEY_UIStatusBarStyle[sdk=iphoneos*]" = UIStatusBarStyleDefault;
				"INFOPLIST_KEY_UIStatusBarStyle[sdk=iphonesimulator*]" = UIStatusBarStyleDefault;
				INFOPLIST_KEY_UISupportedInterfaceOrientations_iPad = "UIInterfaceOrientationPortrait UIInterfaceOrientationPortraitUpsideDown UIInterfaceOrientationLandscapeLeft UIInterfaceOrientationLandscapeRight";
				INFOPLIST_KEY_UISupportedInterfaceOrientations_iPhone = "UIInterfaceOrientationPortrait UIInterfaceOrientationLandscapeLeft UIInterfaceOrientationLandscapeRight";
				IPHONEOS_DEPLOYMENT_TARGET = 26.2;
				LD_RUNPATH_SEARCH_PATHS = "@executable_path/Frameworks";
				"LD_RUNPATH_SEARCH_PATHS[sdk=macosx*]" = "@executable_path/../Frameworks";
				MACOSX_DEPLOYMENT_TARGET = 26.0;
				MARKETING_VERSION = 1.0.0;
				PRODUCT_BUNDLE_IDENTIFIER = de.b0x42.Prizm;
				PRODUCT_NAME = "$(TARGET_NAME)";
				REGISTER_APP_GROUPS = YES;
				SDKROOT = auto;
				STRING_CATALOG_GENERATE_SYMBOLS = YES;
				SUPPORTED_PLATFORMS = "iphoneos iphonesimulator macosx";
				SUPPORTS_MACCATALYST = NO;
				SWIFT_APPROACHABLE_CONCURRENCY = YES;
				SWIFT_DEFAULT_ACTOR_ISOLATION = MainActor;
				SWIFT_EMIT_LOC_STRINGS = YES;
				SWIFT_UPCOMING_FEATURE_MEMBER_IMPORT_VISIBILITY = YES;
				SWIFT_VERSION = 6.0;
				TARGETED_DEVICE_FAMILY = "1,2";
				XROS_DEPLOYMENT_TARGET = 26.2;
			};
			name = Release;
		};
/* End XCBuildConfiguration section */

/* Begin XCConfigurationList section */
		4309FD152F68121F0031C9F4 /* Build configuration list for PBXNativeTarget "PrizmTests" */ = {
			isa = XCConfigurationList;
			buildConfigurations = (
				4309FD132F68121F0031C9F4 /* Debug */,
				4309FD142F68121F0031C9F4 /* Release */,
			);
			defaultConfigurationIsVisible = 0;
			defaultConfigurationName = Release;
		};
		434D9EB52F670B9C00052BCB /* Build configuration list for PBXProject "Prizm" */ = {
			isa = XCConfigurationList;
			buildConfigurations = (
				434D9EC32F670B9E00052BCB /* Debug */,
				434D9EC42F670B9E00052BCB /* Release */,
			);
			defaultConfigurationIsVisible = 0;
			defaultConfigurationName = Release;
		};
		434D9EC52F670B9E00052BCB /* Build configuration list for PBXNativeTarget "Prizm" */ = {
			isa = XCConfigurationList;
			buildConfigurations = (
				434D9EC62F670B9E00052BCB /* Debug */,
				434D9EC72F670B9E00052BCB /* Release */,
			);
			defaultConfigurationIsVisible = 0;
			defaultConfigurationName = Release;
		};
/* End XCConfigurationList section */

/* Begin XCLocalSwiftPackageReference section */
		43375DE92F6740CD0002ECE8 /* XCLocalSwiftPackageReference "../LocalPackages/Argon2Swift" */ = {
			isa = XCLocalSwiftPackageReference;
			relativePath = ../LocalPackages/Argon2Swift;
		};
/* End XCLocalSwiftPackageReference section */

/* Begin XCRemoteSwiftPackageReference section */
		01586FA8FDE043AA8DB68033 /* XCRemoteSwiftPackageReference "Argon2Swift" */ = {
			isa = XCRemoteSwiftPackageReference;
			repositoryURL = "https://github.com/tmthecoder/Argon2Swift";
			requirement = {
				kind = exactVersion;
				version = 1.0.1;
			};
		};
/* End XCRemoteSwiftPackageReference section */

/* Begin XCSwiftPackageProductDependency section */
		59F9054E12044EC582D79C90 /* Argon2Swift */ = {
			isa = XCSwiftPackageProductDependency;
			package = 01586FA8FDE043AA8DB68033 /* XCRemoteSwiftPackageReference "Argon2Swift" */;
			productName = Argon2Swift;
		};
/* End XCSwiftPackageProductDependency section */
	};
	rootObject = 434D9EB22F670B9C00052BCB /* Project object */;
}
